
Microsoft Visual Studio Solution File, Format Version 12.00
# Visual Studio 15
VisualStudioVersion = 15.0.28010.2046
MinimumVisualStudioVersion = 10.0.40219.1
Project("{9A19103F-16F7-4668-BE54-9A1E7A4F7556}") = "WS.Core", "WS.Core\WS.Core.csproj", "{A7B3D559-F321-4F20-84DD-7D144D32C556}"
EndProject
Project("{9A19103F-16F7-4668-BE54-9A1E7A4F7556}") = "WS.Music", "WS.Music\WS.Music.csproj", "{B0BBA8E2-DE7A-4987-976E-27755CDB94E7}"
EndProject
Project("{9A19103F-16F7-4668-BE54-9A1E7A4F7556}") = "WS.Todo", "WS.Todo\WS.Todo.csproj", "{A7486E17-BB0E-46E2-A3ED-A9AF222715E6}"
EndProject
Project("{9A19103F-16F7-4668-BE54-9A1E7A4F7556}") = "WS.Blog", "WS.Blog\WS.Blog.csproj", "{40ACC190-E156-455B-B1F4-280FFA31B88C}"
EndProject
Project("{9A19103F-16F7-4668-BE54-9A1E7A4F7556}") = "WS.WWW", "WS.WWW\WS.WWW.csproj", "{92B28A94-74E5-44D0-A2CC-9F7F6A7A3EEE}"
EndProject
Project("{9A19103F-16F7-4668-BE54-9A1E7A4F7556}") = "WS.FileDemo", "WS.FileDemo\WS.FileDemo.csproj", "{1B916A0D-BA01-4314-86D0-A039BA7A5977}"
EndProject
Project("{8BC9CEB8-8B4A-11D0-8D11-00A0C91BC942}") = "ConsoleTable", "ConsoleTable\ConsoleTable.vcxproj", "{238C4D5D-F2EE-418C-A106-66E8714D0739}"
EndProject
Project("{9A19103F-16F7-4668-BE54-9A1E7A4F7556}") = "WS.Core.Text", "WS.Core.Text\WS.Core.Text.csproj", "{D9788C64-6973-4CD8-A4C2-DD44D051787B}"
EndProject
Project("{FAE04EC0-301F-11D3-BF4B-00C04F79EFBC}") = "WS.Core.Log", "WS.Core.Log\WS.Core.Log.csproj", "{7994D1C4-3E4B-4E5C-91F6-960AE9AB8298}"
EndProject
Project("{FAE04EC0-301F-11D3-BF4B-00C04F79EFBC}") = "WS.Core.Attribute", "WS.Core.Attribute\WS.Core.Attribute.csproj", "{064C6BF4-A8A3-44ED-920B-2B84186656B2}"
EndProject
Project("{9A19103F-16F7-4668-BE54-9A1E7A4F7556}") = "WS.Shell", "WS.Shell\WS.Shell.csproj", "{5B21D7B2-B040-4A22-BE81-D2A2A8118EA8}"
EndProject
Global
	GlobalSection(SolutionConfigurationPlatforms) = preSolution
		Debug|Any CPU = Debug|Any CPU
		Debug|ARM = Debug|ARM
		Debug|x64 = Debug|x64
		Debug|x86 = Debug|x86
		Release|Any CPU = Release|Any CPU
		Release|ARM = Release|ARM
		Release|x64 = Release|x64
		Release|x86 = Release|x86
	EndGlobalSection
	GlobalSection(ProjectConfigurationPlatforms) = postSolution
		{A7B3D559-F321-4F20-84DD-7D144D32C556}.Debug|Any CPU.ActiveCfg = Debug|Any CPU
		{A7B3D559-F321-4F20-84DD-7D144D32C556}.Debug|Any CPU.Build.0 = Debug|Any CPU
		{A7B3D559-F321-4F20-84DD-7D144D32C556}.Debug|ARM.ActiveCfg = Debug|Any CPU
		{A7B3D559-F321-4F20-84DD-7D144D32C556}.Debug|ARM.Build.0 = Debug|Any CPU
		{A7B3D559-F321-4F20-84DD-7D144D32C556}.Debug|x64.ActiveCfg = Debug|Any CPU
		{A7B3D559-F321-4F20-84DD-7D144D32C556}.Debug|x64.Build.0 = Debug|Any CPU
		{A7B3D559-F321-4F20-84DD-7D144D32C556}.Debug|x86.ActiveCfg = Debug|Any CPU
		{A7B3D559-F321-4F20-84DD-7D144D32C556}.Debug|x86.Build.0 = Debug|Any CPU
		{A7B3D559-F321-4F20-84DD-7D144D32C556}.Release|Any CPU.ActiveCfg = Release|Any CPU
		{A7B3D559-F321-4F20-84DD-7D144D32C556}.Release|Any CPU.Build.0 = Release|Any CPU
		{A7B3D559-F321-4F20-84DD-7D144D32C556}.Release|ARM.ActiveCfg = Release|Any CPU
		{A7B3D559-F321-4F20-84DD-7D144D32C556}.Release|ARM.Build.0 = Release|Any CPU
		{A7B3D559-F321-4F20-84DD-7D144D32C556}.Release|x64.ActiveCfg = Release|Any CPU
		{A7B3D559-F321-4F20-84DD-7D144D32C556}.Release|x64.Build.0 = Release|Any CPU
		{A7B3D559-F321-4F20-84DD-7D144D32C556}.Release|x86.ActiveCfg = Release|Any CPU
		{A7B3D559-F321-4F20-84DD-7D144D32C556}.Release|x86.Build.0 = Release|Any CPU
		{B0BBA8E2-DE7A-4987-976E-27755CDB94E7}.Debug|Any CPU.ActiveCfg = Debug|Any CPU
		{B0BBA8E2-DE7A-4987-976E-27755CDB94E7}.Debug|Any CPU.Build.0 = Debug|Any CPU
		{B0BBA8E2-DE7A-4987-976E-27755CDB94E7}.Debug|ARM.ActiveCfg = Debug|Any CPU
		{B0BBA8E2-DE7A-4987-976E-27755CDB94E7}.Debug|ARM.Build.0 = Debug|Any CPU
		{B0BBA8E2-DE7A-4987-976E-27755CDB94E7}.Debug|x64.ActiveCfg = Debug|Any CPU
		{B0BBA8E2-DE7A-4987-976E-27755CDB94E7}.Debug|x64.Build.0 = Debug|Any CPU
		{B0BBA8E2-DE7A-4987-976E-27755CDB94E7}.Debug|x86.ActiveCfg = Debug|Any CPU
		{B0BBA8E2-DE7A-4987-976E-27755CDB94E7}.Debug|x86.Build.0 = Debug|Any CPU
		{B0BBA8E2-DE7A-4987-976E-27755CDB94E7}.Release|Any CPU.ActiveCfg = Release|Any CPU
		{B0BBA8E2-DE7A-4987-976E-27755CDB94E7}.Release|Any CPU.Build.0 = Release|Any CPU
		{B0BBA8E2-DE7A-4987-976E-27755CDB94E7}.Release|ARM.ActiveCfg = Release|Any CPU
		{B0BBA8E2-DE7A-4987-976E-27755CDB94E7}.Release|ARM.Build.0 = Release|Any CPU
		{B0BBA8E2-DE7A-4987-976E-27755CDB94E7}.Release|x64.ActiveCfg = Release|Any CPU
		{B0BBA8E2-DE7A-4987-976E-27755CDB94E7}.Release|x64.Build.0 = Release|Any CPU
		{B0BBA8E2-DE7A-4987-976E-27755CDB94E7}.Release|x86.ActiveCfg = Release|Any CPU
		{B0BBA8E2-DE7A-4987-976E-27755CDB94E7}.Release|x86.Build.0 = Release|Any CPU
		{A7486E17-BB0E-46E2-A3ED-A9AF222715E6}.Debug|Any CPU.ActiveCfg = Debug|Any CPU
		{A7486E17-BB0E-46E2-A3ED-A9AF222715E6}.Debug|Any CPU.Build.0 = Debug|Any CPU
		{A7486E17-BB0E-46E2-A3ED-A9AF222715E6}.Debug|ARM.ActiveCfg = Debug|Any CPU
		{A7486E17-BB0E-46E2-A3ED-A9AF222715E6}.Debug|ARM.Build.0 = Debug|Any CPU
		{A7486E17-BB0E-46E2-A3ED-A9AF222715E6}.Debug|x64.ActiveCfg = Debug|Any CPU
		{A7486E17-BB0E-46E2-A3ED-A9AF222715E6}.Debug|x64.Build.0 = Debug|Any CPU
		{A7486E17-BB0E-46E2-A3ED-A9AF222715E6}.Debug|x86.ActiveCfg = Debug|Any CPU
		{A7486E17-BB0E-46E2-A3ED-A9AF222715E6}.Debug|x86.Build.0 = Debug|Any CPU
		{A7486E17-BB0E-46E2-A3ED-A9AF222715E6}.Release|Any CPU.ActiveCfg = Release|Any CPU
		{A7486E17-BB0E-46E2-A3ED-A9AF222715E6}.Release|Any CPU.Build.0 = Release|Any CPU
		{A7486E17-BB0E-46E2-A3ED-A9AF222715E6}.Release|ARM.ActiveCfg = Release|Any CPU
		{A7486E17-BB0E-46E2-A3ED-A9AF222715E6}.Release|ARM.Build.0 = Release|Any CPU
		{A7486E17-BB0E-46E2-A3ED-A9AF222715E6}.Release|x64.ActiveCfg = Release|Any CPU
		{A7486E17-BB0E-46E2-A3ED-A9AF222715E6}.Release|x64.Build.0 = Release|Any CPU
		{A7486E17-BB0E-46E2-A3ED-A9AF222715E6}.Release|x86.ActiveCfg = Release|Any CPU
		{A7486E17-BB0E-46E2-A3ED-A9AF222715E6}.Release|x86.Build.0 = Release|Any CPU
		{40ACC190-E156-455B-B1F4-280FFA31B88C}.Debug|Any CPU.ActiveCfg = Debug|Any CPU
		{40ACC190-E156-455B-B1F4-280FFA31B88C}.Debug|Any CPU.Build.0 = Debug|Any CPU
		{40ACC190-E156-455B-B1F4-280FFA31B88C}.Debug|ARM.ActiveCfg = Debug|Any CPU
		{40ACC190-E156-455B-B1F4-280FFA31B88C}.Debug|ARM.Build.0 = Debug|Any CPU
		{40ACC190-E156-455B-B1F4-280FFA31B88C}.Debug|x64.ActiveCfg = Debug|Any CPU
		{40ACC190-E156-455B-B1F4-280FFA31B88C}.Debug|x64.Build.0 = Debug|Any CPU
		{40ACC190-E156-455B-B1F4-280FFA31B88C}.Debug|x86.ActiveCfg = Debug|Any CPU
		{40ACC190-E156-455B-B1F4-280FFA31B88C}.Debug|x86.Build.0 = Debug|Any CPU
		{40ACC190-E156-455B-B1F4-280FFA31B88C}.Release|Any CPU.ActiveCfg = Release|Any CPU
		{40ACC190-E156-455B-B1F4-280FFA31B88C}.Release|Any CPU.Build.0 = Release|Any CPU
		{40ACC190-E156-455B-B1F4-280FFA31B88C}.Release|ARM.ActiveCfg = Release|Any CPU
		{40ACC190-E156-455B-B1F4-280FFA31B88C}.Release|ARM.Build.0 = Release|Any CPU
		{40ACC190-E156-455B-B1F4-280FFA31B88C}.Release|x64.ActiveCfg = Release|Any CPU
		{40ACC190-E156-455B-B1F4-280FFA31B88C}.Release|x64.Build.0 = Release|Any CPU
		{40ACC190-E156-455B-B1F4-280FFA31B88C}.Release|x86.ActiveCfg = Release|Any CPU
		{40ACC190-E156-455B-B1F4-280FFA31B88C}.Release|x86.Build.0 = Release|Any CPU
		{92B28A94-74E5-44D0-A2CC-9F7F6A7A3EEE}.Debug|Any CPU.ActiveCfg = Debug|Any CPU
		{92B28A94-74E5-44D0-A2CC-9F7F6A7A3EEE}.Debug|Any CPU.Build.0 = Debug|Any CPU
		{92B28A94-74E5-44D0-A2CC-9F7F6A7A3EEE}.Debug|ARM.ActiveCfg = Debug|Any CPU
		{92B28A94-74E5-44D0-A2CC-9F7F6A7A3EEE}.Debug|ARM.Build.0 = Debug|Any CPU
		{92B28A94-74E5-44D0-A2CC-9F7F6A7A3EEE}.Debug|x64.ActiveCfg = Debug|Any CPU
		{92B28A94-74E5-44D0-A2CC-9F7F6A7A3EEE}.Debug|x64.Build.0 = Debug|Any CPU
		{92B28A94-74E5-44D0-A2CC-9F7F6A7A3EEE}.Debug|x86.ActiveCfg = Debug|Any CPU
		{92B28A94-74E5-44D0-A2CC-9F7F6A7A3EEE}.Debug|x86.Build.0 = Debug|Any CPU
		{92B28A94-74E5-44D0-A2CC-9F7F6A7A3EEE}.Release|Any CPU.ActiveCfg = Release|Any CPU
		{92B28A94-74E5-44D0-A2CC-9F7F6A7A3EEE}.Release|Any CPU.Build.0 = Release|Any CPU
		{92B28A94-74E5-44D0-A2CC-9F7F6A7A3EEE}.Release|ARM.ActiveCfg = Release|Any CPU
		{92B28A94-74E5-44D0-A2CC-9F7F6A7A3EEE}.Release|ARM.Build.0 = Release|Any CPU
		{92B28A94-74E5-44D0-A2CC-9F7F6A7A3EEE}.Release|x64.ActiveCfg = Release|Any CPU
		{92B28A94-74E5-44D0-A2CC-9F7F6A7A3EEE}.Release|x64.Build.0 = Release|Any CPU
		{92B28A94-74E5-44D0-A2CC-9F7F6A7A3EEE}.Release|x86.ActiveCfg = Release|Any CPU
		{92B28A94-74E5-44D0-A2CC-9F7F6A7A3EEE}.Release|x86.Build.0 = Release|Any CPU
		{1B916A0D-BA01-4314-86D0-A039BA7A5977}.Debug|Any CPU.ActiveCfg = Debug|Any CPU
		{1B916A0D-BA01-4314-86D0-A039BA7A5977}.Debug|Any CPU.Build.0 = Debug|Any CPU
		{1B916A0D-BA01-4314-86D0-A039BA7A5977}.Debug|ARM.ActiveCfg = Debug|Any CPU
		{1B916A0D-BA01-4314-86D0-A039BA7A5977}.Debug|ARM.Build.0 = Debug|Any CPU
		{1B916A0D-BA01-4314-86D0-A039BA7A5977}.Debug|x64.ActiveCfg = Debug|Any CPU
		{1B916A0D-BA01-4314-86D0-A039BA7A5977}.Debug|x64.Build.0 = Debug|Any CPU
		{1B916A0D-BA01-4314-86D0-A039BA7A5977}.Debug|x86.ActiveCfg = Debug|Any CPU
		{1B916A0D-BA01-4314-86D0-A039BA7A5977}.Debug|x86.Build.0 = Debug|Any CPU
		{1B916A0D-BA01-4314-86D0-A039BA7A5977}.Release|Any CPU.ActiveCfg = Release|Any CPU
		{1B916A0D-BA01-4314-86D0-A039BA7A5977}.Release|Any CPU.Build.0 = Release|Any CPU
		{1B916A0D-BA01-4314-86D0-A039BA7A5977}.Release|ARM.ActiveCfg = Release|Any CPU
		{1B916A0D-BA01-4314-86D0-A039BA7A5977}.Release|ARM.Build.0 = Release|Any CPU
		{1B916A0D-BA01-4314-86D0-A039BA7A5977}.Release|x64.ActiveCfg = Release|Any CPU
		{1B916A0D-BA01-4314-86D0-A039BA7A5977}.Release|x64.Build.0 = Release|Any CPU
		{1B916A0D-BA01-4314-86D0-A039BA7A5977}.Release|x86.ActiveCfg = Release|Any CPU
		{1B916A0D-BA01-4314-86D0-A039BA7A5977}.Release|x86.Build.0 = Release|Any CPU
		{238C4D5D-F2EE-418C-A106-66E8714D0739}.Debug|Any CPU.ActiveCfg = Debug|Win32
		{238C4D5D-F2EE-418C-A106-66E8714D0739}.Debug|ARM.ActiveCfg = Debug|Win32
		{238C4D5D-F2EE-418C-A106-66E8714D0739}.Debug|x64.ActiveCfg = Debug|x64
		{238C4D5D-F2EE-418C-A106-66E8714D0739}.Debug|x64.Build.0 = Debug|x64
		{238C4D5D-F2EE-418C-A106-66E8714D0739}.Debug|x86.ActiveCfg = Debug|Win32
		{238C4D5D-F2EE-418C-A106-66E8714D0739}.Debug|x86.Build.0 = Debug|Win32
		{238C4D5D-F2EE-418C-A106-66E8714D0739}.Release|Any CPU.ActiveCfg = Release|Win32
		{238C4D5D-F2EE-418C-A106-66E8714D0739}.Release|ARM.ActiveCfg = Release|Win32
		{238C4D5D-F2EE-418C-A106-66E8714D0739}.Release|x64.ActiveCfg = Release|x64
		{238C4D5D-F2EE-418C-A106-66E8714D0739}.Release|x64.Build.0 = Release|x64
		{238C4D5D-F2EE-418C-A106-66E8714D0739}.Release|x86.ActiveCfg = Release|Win32
		{238C4D5D-F2EE-418C-A106-66E8714D0739}.Release|x86.Build.0 = Release|Win32
		{D9788C64-6973-4CD8-A4C2-DD44D051787B}.Debug|Any CPU.ActiveCfg = Debug|Any CPU
		{D9788C64-6973-4CD8-A4C2-DD44D051787B}.Debug|Any CPU.Build.0 = Debug|Any CPU
		{D9788C64-6973-4CD8-A4C2-DD44D051787B}.Debug|ARM.ActiveCfg = Debug|Any CPU
		{D9788C64-6973-4CD8-A4C2-DD44D051787B}.Debug|ARM.Build.0 = Debug|Any CPU
		{D9788C64-6973-4CD8-A4C2-DD44D051787B}.Debug|x64.ActiveCfg = Debug|Any CPU
		{D9788C64-6973-4CD8-A4C2-DD44D051787B}.Debug|x64.Build.0 = Debug|Any CPU
		{D9788C64-6973-4CD8-A4C2-DD44D051787B}.Debug|x86.ActiveCfg = Debug|Any CPU
		{D9788C64-6973-4CD8-A4C2-DD44D051787B}.Debug|x86.Build.0 = Debug|Any CPU
		{D9788C64-6973-4CD8-A4C2-DD44D051787B}.Release|Any CPU.ActiveCfg = Release|Any CPU
		{D9788C64-6973-4CD8-A4C2-DD44D051787B}.Release|Any CPU.Build.0 = Release|Any CPU
		{D9788C64-6973-4CD8-A4C2-DD44D051787B}.Release|ARM.ActiveCfg = Release|Any CPU
		{D9788C64-6973-4CD8-A4C2-DD44D051787B}.Release|ARM.Build.0 = Release|Any CPU
		{D9788C64-6973-4CD8-A4C2-DD44D051787B}.Release|x64.ActiveCfg = Release|Any CPU
		{D9788C64-6973-4CD8-A4C2-DD44D051787B}.Release|x64.Build.0 = Release|Any CPU
		{D9788C64-6973-4CD8-A4C2-DD44D051787B}.Release|x86.ActiveCfg = Release|Any CPU
		{D9788C64-6973-4CD8-A4C2-DD44D051787B}.Release|x86.Build.0 = Release|Any CPU
		{7994D1C4-3E4B-4E5C-91F6-960AE9AB8298}.Debug|Any CPU.ActiveCfg = Debug|Any CPU
		{7994D1C4-3E4B-4E5C-91F6-960AE9AB8298}.Debug|Any CPU.Build.0 = Debug|Any CPU
		{7994D1C4-3E4B-4E5C-91F6-960AE9AB8298}.Debug|ARM.ActiveCfg = Debug|Any CPU
		{7994D1C4-3E4B-4E5C-91F6-960AE9AB8298}.Debug|ARM.Build.0 = Debug|Any CPU
		{7994D1C4-3E4B-4E5C-91F6-960AE9AB8298}.Debug|x64.ActiveCfg = Debug|Any CPU
		{7994D1C4-3E4B-4E5C-91F6-960AE9AB8298}.Debug|x64.Build.0 = Debug|Any CPU
		{7994D1C4-3E4B-4E5C-91F6-960AE9AB8298}.Debug|x86.ActiveCfg = Debug|Any CPU
		{7994D1C4-3E4B-4E5C-91F6-960AE9AB8298}.Debug|x86.Build.0 = Debug|Any CPU
		{7994D1C4-3E4B-4E5C-91F6-960AE9AB8298}.Release|Any CPU.ActiveCfg = Release|Any CPU
		{7994D1C4-3E4B-4E5C-91F6-960AE9AB8298}.Release|Any CPU.Build.0 = Release|Any CPU
		{7994D1C4-3E4B-4E5C-91F6-960AE9AB8298}.Release|ARM.ActiveCfg = Release|Any CPU
		{7994D1C4-3E4B-4E5C-91F6-960AE9AB8298}.Release|ARM.Build.0 = Release|Any CPU
		{7994D1C4-3E4B-4E5C-91F6-960AE9AB8298}.Release|x64.ActiveCfg = Release|Any CPU
		{7994D1C4-3E4B-4E5C-91F6-960AE9AB8298}.Release|x64.Build.0 = Release|Any CPU
		{7994D1C4-3E4B-4E5C-91F6-960AE9AB8298}.Release|x86.ActiveCfg = Release|Any CPU
		{7994D1C4-3E4B-4E5C-91F6-960AE9AB8298}.Release|x86.Build.0 = Release|Any CPU
		{064C6BF4-A8A3-44ED-920B-2B84186656B2}.Debug|Any CPU.ActiveCfg = Debug|Any CPU
		{064C6BF4-A8A3-44ED-920B-2B84186656B2}.Debug|Any CPU.Build.0 = Debug|Any CPU
		{064C6BF4-A8A3-44ED-920B-2B84186656B2}.Debug|ARM.ActiveCfg = Debug|Any CPU
		{064C6BF4-A8A3-44ED-920B-2B84186656B2}.Debug|ARM.Build.0 = Debug|Any CPU
		{064C6BF4-A8A3-44ED-920B-2B84186656B2}.Debug|x64.ActiveCfg = Debug|Any CPU
		{064C6BF4-A8A3-44ED-920B-2B84186656B2}.Debug|x64.Build.0 = Debug|Any CPU
		{064C6BF4-A8A3-44ED-920B-2B84186656B2}.Debug|x86.ActiveCfg = Debug|Any CPU
		{064C6BF4-A8A3-44ED-920B-2B84186656B2}.Debug|x86.Build.0 = Debug|Any CPU
		{064C6BF4-A8A3-44ED-920B-2B84186656B2}.Release|Any CPU.ActiveCfg = Release|Any CPU
		{064C6BF4-A8A3-44ED-920B-2B84186656B2}.Release|Any CPU.Build.0 = Release|Any CPU
		{064C6BF4-A8A3-44ED-920B-2B84186656B2}.Release|ARM.ActiveCfg = Release|Any CPU
		{064C6BF4-A8A3-44ED-920B-2B84186656B2}.Release|ARM.Build.0 = Release|Any CPU
		{064C6BF4-A8A3-44ED-920B-2B84186656B2}.Release|x64.ActiveCfg = Release|Any CPU
		{064C6BF4-A8A3-44ED-920B-2B84186656B2}.Release|x64.Build.0 = Release|Any CPU
		{064C6BF4-A8A3-44ED-920B-2B84186656B2}.Release|x86.ActiveCfg = Release|Any CPU
		{064C6BF4-A8A3-44ED-920B-2B84186656B2}.Release|x86.Build.0 = Release|Any CPU
		{5B21D7B2-B040-4A22-BE81-D2A2A8118EA8}.Debug|Any CPU.ActiveCfg = Debug|Any CPU
		{5B21D7B2-B040-4A22-BE81-D2A2A8118EA8}.Debug|Any CPU.Build.0 = Debug|Any CPU
		{5B21D7B2-B040-4A22-BE81-D2A2A8118EA8}.Debug|ARM.ActiveCfg = Debug|Any CPU
		{5B21D7B2-B040-4A22-BE81-D2A2A8118EA8}.Debug|ARM.Build.0 = Debug|Any CPU
		{5B21D7B2-B040-4A22-BE81-D2A2A8118EA8}.Debug|x64.ActiveCfg = Debug|Any CPU
		{5B21D7B2-B040-4A22-BE81-D2A2A8118EA8}.Debug|x64.Build.0 = Debug|Any CPU
		{5B21D7B2-B040-4A22-BE81-D2A2A8118EA8}.Debug|x86.ActiveCfg = Debug|Any CPU
		{5B21D7B2-B040-4A22-BE81-D2A2A8118EA8}.Debug|x86.Build.0 = Debug|Any CPU
		{5B21D7B2-B040-4A22-BE81-D2A2A8118EA8}.Release|Any CPU.ActiveCfg = Release|Any CPU
		{5B21D7B2-B040-4A22-BE81-D2A2A8118EA8}.Release|Any CPU.Build.0 = Release|Any CPU
		{5B21D7B2-B040-4A22-BE81-D2A2A8118EA8}.Release|ARM.ActiveCfg = Release|Any CPU
		{5B21D7B2-B040-4A22-BE81-D2A2A8118EA8}.Release|ARM.Build.0 = Release|Any CPU
		{5B21D7B2-B040-4A22-BE81-D2A2A8118EA8}.Release|x64.ActiveCfg = Release|Any CPU
		{5B21D7B2-B040-4A22-BE81-D2A2A8118EA8}.Release|x64.Build.0 = Release|Any CPU
		{5B21D7B2-B040-4A22-BE81-D2A2A8118EA8}.Release|x86.ActiveCfg = Release|Any CPU
		{5B21D7B2-B040-4A22-BE81-D2A2A8118EA8}.Release|x86.Build.0 = Release|Any CPU
	EndGlobalSection
	GlobalSection(SolutionProperties) = preSolution
		HideSolutionNode = FALSE
	EndGlobalSection
	GlobalSection(ExtensibilityGlobals) = postSolution
		SolutionGuid = {4279E980-DCE9-4DC0-9D33-5463E6C5EAA9}
	EndGlobalSection
EndGlobal
