
Microsoft Visual Studio Solution File, Format Version 12.00
# Visual Studio Version 16
VisualStudioVersion = 16.0.29215.179
MinimumVisualStudioVersion = 10.0.40219.1
Project("{9A19103F-16F7-4668-BE54-9A1E7A4F7556}") = "WS.Core", "WS.Core\WS.Core.csproj", "{A7B3D559-F321-4F20-84DD-7D144D32C556}"
EndProject
Project("{9A19103F-16F7-4668-BE54-9A1E7A4F7556}") = "WS.Music", "WS.Music\WS.Music.csproj", "{B0BBA8E2-DE7A-4987-976E-27755CDB94E7}"
EndProject
Project("{9A19103F-16F7-4668-BE54-9A1E7A4F7556}") = "WS.Todo", "WS.Todo\WS.Todo.csproj", "{A7486E17-BB0E-46E2-A3ED-A9AF222715E6}"
EndProject
Project("{9A19103F-16F7-4668-BE54-9A1E7A4F7556}") = "WS.Blog", "WS.Blog\WS.Blog.csproj", "{40ACC190-E156-455B-B1F4-280FFA31B88C}"
EndProject
Project("{9A19103F-16F7-4668-BE54-9A1E7A4F7556}") = "WS.WWW", "WS.WWW\WS.WWW.csproj", "{92B28A94-74E5-44D0-A2CC-9F7F6A7A3EEE}"
EndProject
Project("{9A19103F-16F7-4668-BE54-9A1E7A4F7556}") = "WS.FileDemo", "WS.FileDemo\WS.FileDemo.csproj", "{1B916A0D-BA01-4314-86D0-A039BA7A5977}"
EndProject
Project("{8BC9CEB8-8B4A-11D0-8D11-00A0C91BC942}") = "ConsoleTable", "ConsoleTable\ConsoleTable.vcxproj", "{238C4D5D-F2EE-418C-A106-66E8714D0739}"
EndProject
Project("{9A19103F-16F7-4668-BE54-9A1E7A4F7556}") = "WS.Core.Attribute", "WS.Core.Attribute\WS.Core.Attribute.csproj", "{064C6BF4-A8A3-44ED-920B-2B84186656B2}"
EndProject
Project("{9A19103F-16F7-4668-BE54-9A1E7A4F7556}") = "WS.Shell", "WS.Shell\WS.Shell.csproj", "{5B21D7B2-B040-4A22-BE81-D2A2A8118EA8}"
EndProject
Project("{9A19103F-16F7-4668-BE54-9A1E7A4F7556}") = "WS.Text", "WS.Text\WS.Text.csproj", "{5DA082DF-9B55-4A9D-A587-19998D3DA4AA}"
EndProject
Project("{9A19103F-16F7-4668-BE54-9A1E7A4F7556}") = "WS.IO", "WS.IO\WS.IO.csproj", "{AB00D7B2-444D-446A-B76A-968778A78736}"
EndProject
Project("{9A19103F-16F7-4668-BE54-9A1E7A4F7556}") = "WS.Log", "WS.Log\WS.Log.csproj", "{038C5CC1-F2A6-4B17-B90C-CDBD3E9D48E0}"
EndProject
Project("{9A19103F-16F7-4668-BE54-9A1E7A4F7556}") = "MigrationsDemo", "MigrationsDemo\MigrationsDemo.csproj", "{E13F7B48-AA98-490C-94F6-ECD351BACE1D}"
EndProject
Project("{2150E333-8FDC-42A3-9474-1A3956D46DE8}") = "Solution Items", "Solution Items", "{79BC704F-793B-4B97-B627-F4DE5D3A528A}"
	ProjectSection(SolutionItems) = preProject
		README.md = README.md
		开发日志.log = 开发日志.log
		WS.Shell\doc\正则表达式.txt = WS.Shell\doc\正则表达式.txt
	EndProjectSection
EndProject
Project("{FAE04EC0-301F-11D3-BF4B-00C04F79EFBC}") = "MobileMouse", "..\..\自动化点击\MobileMouse.csproj", "{EAB8DEDF-2718-4E31-A141-F701A6CD0C54}"
EndProject
Project("{54435603-DBB4-11D2-8724-00A0C9A8B90C}") = "MobileMouseSetup", "MobileMouseSetup\MobileMouseSetup.vdproj", "{E6C0116B-8325-4BC4-B84D-4C6800B17090}"
EndProject
Project("{FAE04EC0-301F-11D3-BF4B-00C04F79EFBC}") = "WS.Note", "WS.Note\WS.Note.csproj", "{62FE78A8-6C54-42C4-8DCA-5296100F14D3}"
EndProject
Project("{8BC9CEB8-8B4A-11D0-8D11-00A0C91BC942}") = "WindowsProject", "WindowsProject\WindowsProject.vcxproj", "{645980F3-E076-412F-91DE-0D7856C7CD9F}"
EndProject
Project("{54435603-DBB4-11D2-8724-00A0C9A8B90C}") = "WS.Note.Setup", "WS.Note.Setup\WS.Note.Setup.vdproj", "{9D166130-6FA3-4909-A834-1C3FBA44B30C}"
EndProject
Project("{9A19103F-16F7-4668-BE54-9A1E7A4F7556}") = "WS.Shell.Core", "WS.Shell.Core\WS.Shell.Core.csproj", "{DC39EF3B-76B5-4C15-86DB-DD27084C016E}"
EndProject
Project("{9A19103F-16F7-4668-BE54-9A1E7A4F7556}") = "WS.Script.Core", "WS.Script.Core\WS.Script.Core.csproj", "{6F037407-CA57-4AC4-A776-125AD02C3BD9}"
EndProject
Project("{FAE04EC0-301F-11D3-BF4B-00C04F79EFBC}") = "WS.Editor", "WS.Editor\WS.Editor.csproj", "{17331345-9526-4F64-893B-5F732463C22F}"
EndProject
Global
	GlobalSection(SolutionConfigurationPlatforms) = preSolution
		Debug|Any CPU = Debug|Any CPU
		Debug|ARM = Debug|ARM
		Debug|ARM64 = Debug|ARM64
		Debug|x64 = Debug|x64
		Debug|x86 = Debug|x86
		Release|Any CPU = Release|Any CPU
		Release|ARM = Release|ARM
		Release|ARM64 = Release|ARM64
		Release|x64 = Release|x64
		Release|x86 = Release|x86
	EndGlobalSection
	GlobalSection(ProjectConfigurationPlatforms) = postSolution
		{A7B3D559-F321-4F20-84DD-7D144D32C556}.Debug|Any CPU.ActiveCfg = Debug|Any CPU
		{A7B3D559-F321-4F20-84DD-7D144D32C556}.Debug|Any CPU.Build.0 = Debug|Any CPU
		{A7B3D559-F321-4F20-84DD-7D144D32C556}.Debug|ARM.ActiveCfg = Debug|Any CPU
		{A7B3D559-F321-4F20-84DD-7D144D32C556}.Debug|ARM.Build.0 = Debug|Any CPU
		{A7B3D559-F321-4F20-84DD-7D144D32C556}.Debug|ARM64.ActiveCfg = Debug|Any CPU
		{A7B3D559-F321-4F20-84DD-7D144D32C556}.Debug|ARM64.Build.0 = Debug|Any CPU
		{A7B3D559-F321-4F20-84DD-7D144D32C556}.Debug|x64.ActiveCfg = Debug|Any CPU
		{A7B3D559-F321-4F20-84DD-7D144D32C556}.Debug|x64.Build.0 = Debug|Any CPU
		{A7B3D559-F321-4F20-84DD-7D144D32C556}.Debug|x86.ActiveCfg = Debug|Any CPU
		{A7B3D559-F321-4F20-84DD-7D144D32C556}.Debug|x86.Build.0 = Debug|Any CPU
		{A7B3D559-F321-4F20-84DD-7D144D32C556}.Release|Any CPU.ActiveCfg = Release|Any CPU
		{A7B3D559-F321-4F20-84DD-7D144D32C556}.Release|Any CPU.Build.0 = Release|Any CPU
		{A7B3D559-F321-4F20-84DD-7D144D32C556}.Release|ARM.ActiveCfg = Release|Any CPU
		{A7B3D559-F321-4F20-84DD-7D144D32C556}.Release|ARM.Build.0 = Release|Any CPU
		{A7B3D559-F321-4F20-84DD-7D144D32C556}.Release|ARM64.ActiveCfg = Release|Any CPU
		{A7B3D559-F321-4F20-84DD-7D144D32C556}.Release|ARM64.Build.0 = Release|Any CPU
		{A7B3D559-F321-4F20-84DD-7D144D32C556}.Release|x64.ActiveCfg = Release|Any CPU
		{A7B3D559-F321-4F20-84DD-7D144D32C556}.Release|x64.Build.0 = Release|Any CPU
		{A7B3D559-F321-4F20-84DD-7D144D32C556}.Release|x86.ActiveCfg = Release|Any CPU
		{A7B3D559-F321-4F20-84DD-7D144D32C556}.Release|x86.Build.0 = Release|Any CPU
		{B0BBA8E2-DE7A-4987-976E-27755CDB94E7}.Debug|Any CPU.ActiveCfg = Debug|Any CPU
		{B0BBA8E2-DE7A-4987-976E-27755CDB94E7}.Debug|Any CPU.Build.0 = Debug|Any CPU
		{B0BBA8E2-DE7A-4987-976E-27755CDB94E7}.Debug|ARM.ActiveCfg = Debug|Any CPU
		{B0BBA8E2-DE7A-4987-976E-27755CDB94E7}.Debug|ARM.Build.0 = Debug|Any CPU
		{B0BBA8E2-DE7A-4987-976E-27755CDB94E7}.Debug|ARM64.ActiveCfg = Debug|Any CPU
		{B0BBA8E2-DE7A-4987-976E-27755CDB94E7}.Debug|ARM64.Build.0 = Debug|Any CPU
		{B0BBA8E2-DE7A-4987-976E-27755CDB94E7}.Debug|x64.ActiveCfg = Debug|Any CPU
		{B0BBA8E2-DE7A-4987-976E-27755CDB94E7}.Debug|x64.Build.0 = Debug|Any CPU
		{B0BBA8E2-DE7A-4987-976E-27755CDB94E7}.Debug|x86.ActiveCfg = Debug|Any CPU
		{B0BBA8E2-DE7A-4987-976E-27755CDB94E7}.Debug|x86.Build.0 = Debug|Any CPU
		{B0BBA8E2-DE7A-4987-976E-27755CDB94E7}.Release|Any CPU.ActiveCfg = Release|Any CPU
		{B0BBA8E2-DE7A-4987-976E-27755CDB94E7}.Release|Any CPU.Build.0 = Release|Any CPU
		{B0BBA8E2-DE7A-4987-976E-27755CDB94E7}.Release|ARM.ActiveCfg = Release|Any CPU
		{B0BBA8E2-DE7A-4987-976E-27755CDB94E7}.Release|ARM.Build.0 = Release|Any CPU
		{B0BBA8E2-DE7A-4987-976E-27755CDB94E7}.Release|ARM64.ActiveCfg = Release|Any CPU
		{B0BBA8E2-DE7A-4987-976E-27755CDB94E7}.Release|ARM64.Build.0 = Release|Any CPU
		{B0BBA8E2-DE7A-4987-976E-27755CDB94E7}.Release|x64.ActiveCfg = Release|Any CPU
		{B0BBA8E2-DE7A-4987-976E-27755CDB94E7}.Release|x64.Build.0 = Release|Any CPU
		{B0BBA8E2-DE7A-4987-976E-27755CDB94E7}.Release|x86.ActiveCfg = Release|Any CPU
		{B0BBA8E2-DE7A-4987-976E-27755CDB94E7}.Release|x86.Build.0 = Release|Any CPU
		{A7486E17-BB0E-46E2-A3ED-A9AF222715E6}.Debug|Any CPU.ActiveCfg = Debug|Any CPU
		{A7486E17-BB0E-46E2-A3ED-A9AF222715E6}.Debug|Any CPU.Build.0 = Debug|Any CPU
		{A7486E17-BB0E-46E2-A3ED-A9AF222715E6}.Debug|ARM.ActiveCfg = Debug|Any CPU
		{A7486E17-BB0E-46E2-A3ED-A9AF222715E6}.Debug|ARM.Build.0 = Debug|Any CPU
		{A7486E17-BB0E-46E2-A3ED-A9AF222715E6}.Debug|ARM64.ActiveCfg = Debug|Any CPU
		{A7486E17-BB0E-46E2-A3ED-A9AF222715E6}.Debug|ARM64.Build.0 = Debug|Any CPU
		{A7486E17-BB0E-46E2-A3ED-A9AF222715E6}.Debug|x64.ActiveCfg = Debug|Any CPU
		{A7486E17-BB0E-46E2-A3ED-A9AF222715E6}.Debug|x64.Build.0 = Debug|Any CPU
		{A7486E17-BB0E-46E2-A3ED-A9AF222715E6}.Debug|x86.ActiveCfg = Debug|Any CPU
		{A7486E17-BB0E-46E2-A3ED-A9AF222715E6}.Debug|x86.Build.0 = Debug|Any CPU
		{A7486E17-BB0E-46E2-A3ED-A9AF222715E6}.Release|Any CPU.ActiveCfg = Release|Any CPU
		{A7486E17-BB0E-46E2-A3ED-A9AF222715E6}.Release|Any CPU.Build.0 = Release|Any CPU
		{A7486E17-BB0E-46E2-A3ED-A9AF222715E6}.Release|ARM.ActiveCfg = Release|Any CPU
		{A7486E17-BB0E-46E2-A3ED-A9AF222715E6}.Release|ARM.Build.0 = Release|Any CPU
		{A7486E17-BB0E-46E2-A3ED-A9AF222715E6}.Release|ARM64.ActiveCfg = Release|Any CPU
		{A7486E17-BB0E-46E2-A3ED-A9AF222715E6}.Release|ARM64.Build.0 = Release|Any CPU
		{A7486E17-BB0E-46E2-A3ED-A9AF222715E6}.Release|x64.ActiveCfg = Release|Any CPU
		{A7486E17-BB0E-46E2-A3ED-A9AF222715E6}.Release|x64.Build.0 = Release|Any CPU
		{A7486E17-BB0E-46E2-A3ED-A9AF222715E6}.Release|x86.ActiveCfg = Release|Any CPU
		{A7486E17-BB0E-46E2-A3ED-A9AF222715E6}.Release|x86.Build.0 = Release|Any CPU
		{40ACC190-E156-455B-B1F4-280FFA31B88C}.Debug|Any CPU.ActiveCfg = Debug|Any CPU
		{40ACC190-E156-455B-B1F4-280FFA31B88C}.Debug|Any CPU.Build.0 = Debug|Any CPU
		{40ACC190-E156-455B-B1F4-280FFA31B88C}.Debug|ARM.ActiveCfg = Debug|Any CPU
		{40ACC190-E156-455B-B1F4-280FFA31B88C}.Debug|ARM.Build.0 = Debug|Any CPU
		{40ACC190-E156-455B-B1F4-280FFA31B88C}.Debug|ARM64.ActiveCfg = Debug|Any CPU
		{40ACC190-E156-455B-B1F4-280FFA31B88C}.Debug|ARM64.Build.0 = Debug|Any CPU
		{40ACC190-E156-455B-B1F4-280FFA31B88C}.Debug|x64.ActiveCfg = Debug|Any CPU
		{40ACC190-E156-455B-B1F4-280FFA31B88C}.Debug|x64.Build.0 = Debug|Any CPU
		{40ACC190-E156-455B-B1F4-280FFA31B88C}.Debug|x86.ActiveCfg = Debug|Any CPU
		{40ACC190-E156-455B-B1F4-280FFA31B88C}.Debug|x86.Build.0 = Debug|Any CPU
		{40ACC190-E156-455B-B1F4-280FFA31B88C}.Release|Any CPU.ActiveCfg = Release|Any CPU
		{40ACC190-E156-455B-B1F4-280FFA31B88C}.Release|Any CPU.Build.0 = Release|Any CPU
		{40ACC190-E156-455B-B1F4-280FFA31B88C}.Release|ARM.ActiveCfg = Release|Any CPU
		{40ACC190-E156-455B-B1F4-280FFA31B88C}.Release|ARM.Build.0 = Release|Any CPU
		{40ACC190-E156-455B-B1F4-280FFA31B88C}.Release|ARM64.ActiveCfg = Release|Any CPU
		{40ACC190-E156-455B-B1F4-280FFA31B88C}.Release|ARM64.Build.0 = Release|Any CPU
		{40ACC190-E156-455B-B1F4-280FFA31B88C}.Release|x64.ActiveCfg = Release|Any CPU
		{40ACC190-E156-455B-B1F4-280FFA31B88C}.Release|x64.Build.0 = Release|Any CPU
		{40ACC190-E156-455B-B1F4-280FFA31B88C}.Release|x86.ActiveCfg = Release|Any CPU
		{40ACC190-E156-455B-B1F4-280FFA31B88C}.Release|x86.Build.0 = Release|Any CPU
		{92B28A94-74E5-44D0-A2CC-9F7F6A7A3EEE}.Debug|Any CPU.ActiveCfg = Debug|Any CPU
		{92B28A94-74E5-44D0-A2CC-9F7F6A7A3EEE}.Debug|Any CPU.Build.0 = Debug|Any CPU
		{92B28A94-74E5-44D0-A2CC-9F7F6A7A3EEE}.Debug|ARM.ActiveCfg = Debug|Any CPU
		{92B28A94-74E5-44D0-A2CC-9F7F6A7A3EEE}.Debug|ARM.Build.0 = Debug|Any CPU
		{92B28A94-74E5-44D0-A2CC-9F7F6A7A3EEE}.Debug|ARM64.ActiveCfg = Debug|Any CPU
		{92B28A94-74E5-44D0-A2CC-9F7F6A7A3EEE}.Debug|ARM64.Build.0 = Debug|Any CPU
		{92B28A94-74E5-44D0-A2CC-9F7F6A7A3EEE}.Debug|x64.ActiveCfg = Debug|Any CPU
		{92B28A94-74E5-44D0-A2CC-9F7F6A7A3EEE}.Debug|x64.Build.0 = Debug|Any CPU
		{92B28A94-74E5-44D0-A2CC-9F7F6A7A3EEE}.Debug|x86.ActiveCfg = Debug|Any CPU
		{92B28A94-74E5-44D0-A2CC-9F7F6A7A3EEE}.Debug|x86.Build.0 = Debug|Any CPU
		{92B28A94-74E5-44D0-A2CC-9F7F6A7A3EEE}.Release|Any CPU.ActiveCfg = Release|Any CPU
		{92B28A94-74E5-44D0-A2CC-9F7F6A7A3EEE}.Release|Any CPU.Build.0 = Release|Any CPU
		{92B28A94-74E5-44D0-A2CC-9F7F6A7A3EEE}.Release|ARM.ActiveCfg = Release|Any CPU
		{92B28A94-74E5-44D0-A2CC-9F7F6A7A3EEE}.Release|ARM.Build.0 = Release|Any CPU
		{92B28A94-74E5-44D0-A2CC-9F7F6A7A3EEE}.Release|ARM64.ActiveCfg = Release|Any CPU
		{92B28A94-74E5-44D0-A2CC-9F7F6A7A3EEE}.Release|ARM64.Build.0 = Release|Any CPU
		{92B28A94-74E5-44D0-A2CC-9F7F6A7A3EEE}.Release|x64.ActiveCfg = Release|Any CPU
		{92B28A94-74E5-44D0-A2CC-9F7F6A7A3EEE}.Release|x64.Build.0 = Release|Any CPU
		{92B28A94-74E5-44D0-A2CC-9F7F6A7A3EEE}.Release|x86.ActiveCfg = Release|Any CPU
		{92B28A94-74E5-44D0-A2CC-9F7F6A7A3EEE}.Release|x86.Build.0 = Release|Any CPU
		{1B916A0D-BA01-4314-86D0-A039BA7A5977}.Debug|Any CPU.ActiveCfg = Debug|Any CPU
		{1B916A0D-BA01-4314-86D0-A039BA7A5977}.Debug|Any CPU.Build.0 = Debug|Any CPU
		{1B916A0D-BA01-4314-86D0-A039BA7A5977}.Debug|ARM.ActiveCfg = Debug|Any CPU
		{1B916A0D-BA01-4314-86D0-A039BA7A5977}.Debug|ARM.Build.0 = Debug|Any CPU
		{1B916A0D-BA01-4314-86D0-A039BA7A5977}.Debug|ARM64.ActiveCfg = Debug|Any CPU
		{1B916A0D-BA01-4314-86D0-A039BA7A5977}.Debug|ARM64.Build.0 = Debug|Any CPU
		{1B916A0D-BA01-4314-86D0-A039BA7A5977}.Debug|x64.ActiveCfg = Debug|Any CPU
		{1B916A0D-BA01-4314-86D0-A039BA7A5977}.Debug|x64.Build.0 = Debug|Any CPU
		{1B916A0D-BA01-4314-86D0-A039BA7A5977}.Debug|x86.ActiveCfg = Debug|Any CPU
		{1B916A0D-BA01-4314-86D0-A039BA7A5977}.Debug|x86.Build.0 = Debug|Any CPU
		{1B916A0D-BA01-4314-86D0-A039BA7A5977}.Release|Any CPU.ActiveCfg = Release|Any CPU
		{1B916A0D-BA01-4314-86D0-A039BA7A5977}.Release|Any CPU.Build.0 = Release|Any CPU
		{1B916A0D-BA01-4314-86D0-A039BA7A5977}.Release|ARM.ActiveCfg = Release|Any CPU
		{1B916A0D-BA01-4314-86D0-A039BA7A5977}.Release|ARM.Build.0 = Release|Any CPU
		{1B916A0D-BA01-4314-86D0-A039BA7A5977}.Release|ARM64.ActiveCfg = Release|Any CPU
		{1B916A0D-BA01-4314-86D0-A039BA7A5977}.Release|ARM64.Build.0 = Release|Any CPU
		{1B916A0D-BA01-4314-86D0-A039BA7A5977}.Release|x64.ActiveCfg = Release|Any CPU
		{1B916A0D-BA01-4314-86D0-A039BA7A5977}.Release|x64.Build.0 = Release|Any CPU
		{1B916A0D-BA01-4314-86D0-A039BA7A5977}.Release|x86.ActiveCfg = Release|Any CPU
		{1B916A0D-BA01-4314-86D0-A039BA7A5977}.Release|x86.Build.0 = Release|Any CPU
		{238C4D5D-F2EE-418C-A106-66E8714D0739}.Debug|Any CPU.ActiveCfg = Debug|Win32
		{238C4D5D-F2EE-418C-A106-66E8714D0739}.Debug|ARM.ActiveCfg = Debug|Win32
		{238C4D5D-F2EE-418C-A106-66E8714D0739}.Debug|ARM64.ActiveCfg = Debug|Win32
		{238C4D5D-F2EE-418C-A106-66E8714D0739}.Debug|x64.ActiveCfg = Debug|x64
		{238C4D5D-F2EE-418C-A106-66E8714D0739}.Debug|x64.Build.0 = Debug|x64
		{238C4D5D-F2EE-418C-A106-66E8714D0739}.Debug|x86.ActiveCfg = Debug|Win32
		{238C4D5D-F2EE-418C-A106-66E8714D0739}.Debug|x86.Build.0 = Debug|Win32
		{238C4D5D-F2EE-418C-A106-66E8714D0739}.Release|Any CPU.ActiveCfg = Release|Win32
		{238C4D5D-F2EE-418C-A106-66E8714D0739}.Release|ARM.ActiveCfg = Release|Win32
		{238C4D5D-F2EE-418C-A106-66E8714D0739}.Release|ARM64.ActiveCfg = Release|Win32
		{238C4D5D-F2EE-418C-A106-66E8714D0739}.Release|x64.ActiveCfg = Release|x64
		{238C4D5D-F2EE-418C-A106-66E8714D0739}.Release|x64.Build.0 = Release|x64
		{238C4D5D-F2EE-418C-A106-66E8714D0739}.Release|x86.ActiveCfg = Release|Win32
		{238C4D5D-F2EE-418C-A106-66E8714D0739}.Release|x86.Build.0 = Release|Win32
		{064C6BF4-A8A3-44ED-920B-2B84186656B2}.Debug|Any CPU.ActiveCfg = Debug|Any CPU
		{064C6BF4-A8A3-44ED-920B-2B84186656B2}.Debug|Any CPU.Build.0 = Debug|Any CPU
		{064C6BF4-A8A3-44ED-920B-2B84186656B2}.Debug|ARM.ActiveCfg = Debug|Any CPU
		{064C6BF4-A8A3-44ED-920B-2B84186656B2}.Debug|ARM.Build.0 = Debug|Any CPU
		{064C6BF4-A8A3-44ED-920B-2B84186656B2}.Debug|ARM64.ActiveCfg = Debug|Any CPU
		{064C6BF4-A8A3-44ED-920B-2B84186656B2}.Debug|ARM64.Build.0 = Debug|Any CPU
		{064C6BF4-A8A3-44ED-920B-2B84186656B2}.Debug|x64.ActiveCfg = Debug|Any CPU
		{064C6BF4-A8A3-44ED-920B-2B84186656B2}.Debug|x64.Build.0 = Debug|Any CPU
		{064C6BF4-A8A3-44ED-920B-2B84186656B2}.Debug|x86.ActiveCfg = Debug|Any CPU
		{064C6BF4-A8A3-44ED-920B-2B84186656B2}.Debug|x86.Build.0 = Debug|Any CPU
		{064C6BF4-A8A3-44ED-920B-2B84186656B2}.Release|Any CPU.ActiveCfg = Release|Any CPU
		{064C6BF4-A8A3-44ED-920B-2B84186656B2}.Release|Any CPU.Build.0 = Release|Any CPU
		{064C6BF4-A8A3-44ED-920B-2B84186656B2}.Release|ARM.ActiveCfg = Release|Any CPU
		{064C6BF4-A8A3-44ED-920B-2B84186656B2}.Release|ARM.Build.0 = Release|Any CPU
		{064C6BF4-A8A3-44ED-920B-2B84186656B2}.Release|ARM64.ActiveCfg = Release|Any CPU
		{064C6BF4-A8A3-44ED-920B-2B84186656B2}.Release|ARM64.Build.0 = Release|Any CPU
		{064C6BF4-A8A3-44ED-920B-2B84186656B2}.Release|x64.ActiveCfg = Release|Any CPU
		{064C6BF4-A8A3-44ED-920B-2B84186656B2}.Release|x64.Build.0 = Release|Any CPU
		{064C6BF4-A8A3-44ED-920B-2B84186656B2}.Release|x86.ActiveCfg = Release|Any CPU
		{064C6BF4-A8A3-44ED-920B-2B84186656B2}.Release|x86.Build.0 = Release|Any CPU
		{5B21D7B2-B040-4A22-BE81-D2A2A8118EA8}.Debug|Any CPU.ActiveCfg = Debug|Any CPU
		{5B21D7B2-B040-4A22-BE81-D2A2A8118EA8}.Debug|Any CPU.Build.0 = Debug|Any CPU
		{5B21D7B2-B040-4A22-BE81-D2A2A8118EA8}.Debug|ARM.ActiveCfg = Debug|Any CPU
		{5B21D7B2-B040-4A22-BE81-D2A2A8118EA8}.Debug|ARM.Build.0 = Debug|Any CPU
		{5B21D7B2-B040-4A22-BE81-D2A2A8118EA8}.Debug|ARM64.ActiveCfg = Debug|Any CPU
		{5B21D7B2-B040-4A22-BE81-D2A2A8118EA8}.Debug|ARM64.Build.0 = Debug|Any CPU
		{5B21D7B2-B040-4A22-BE81-D2A2A8118EA8}.Debug|x64.ActiveCfg = Debug|Any CPU
		{5B21D7B2-B040-4A22-BE81-D2A2A8118EA8}.Debug|x64.Build.0 = Debug|Any CPU
		{5B21D7B2-B040-4A22-BE81-D2A2A8118EA8}.Debug|x86.ActiveCfg = Debug|Any CPU
		{5B21D7B2-B040-4A22-BE81-D2A2A8118EA8}.Debug|x86.Build.0 = Debug|Any CPU
		{5B21D7B2-B040-4A22-BE81-D2A2A8118EA8}.Release|Any CPU.ActiveCfg = Release|Any CPU
		{5B21D7B2-B040-4A22-BE81-D2A2A8118EA8}.Release|Any CPU.Build.0 = Release|Any CPU
		{5B21D7B2-B040-4A22-BE81-D2A2A8118EA8}.Release|ARM.ActiveCfg = Release|Any CPU
		{5B21D7B2-B040-4A22-BE81-D2A2A8118EA8}.Release|ARM.Build.0 = Release|Any CPU
		{5B21D7B2-B040-4A22-BE81-D2A2A8118EA8}.Release|ARM64.ActiveCfg = Release|Any CPU
		{5B21D7B2-B040-4A22-BE81-D2A2A8118EA8}.Release|ARM64.Build.0 = Release|Any CPU
		{5B21D7B2-B040-4A22-BE81-D2A2A8118EA8}.Release|x64.ActiveCfg = Release|Any CPU
		{5B21D7B2-B040-4A22-BE81-D2A2A8118EA8}.Release|x64.Build.0 = Release|Any CPU
		{5B21D7B2-B040-4A22-BE81-D2A2A8118EA8}.Release|x86.ActiveCfg = Release|Any CPU
		{5B21D7B2-B040-4A22-BE81-D2A2A8118EA8}.Release|x86.Build.0 = Release|Any CPU
		{5DA082DF-9B55-4A9D-A587-19998D3DA4AA}.Debug|Any CPU.ActiveCfg = Debug|Any CPU
		{5DA082DF-9B55-4A9D-A587-19998D3DA4AA}.Debug|Any CPU.Build.0 = Debug|Any CPU
		{5DA082DF-9B55-4A9D-A587-19998D3DA4AA}.Debug|ARM.ActiveCfg = Debug|Any CPU
		{5DA082DF-9B55-4A9D-A587-19998D3DA4AA}.Debug|ARM.Build.0 = Debug|Any CPU
		{5DA082DF-9B55-4A9D-A587-19998D3DA4AA}.Debug|ARM64.ActiveCfg = Debug|Any CPU
		{5DA082DF-9B55-4A9D-A587-19998D3DA4AA}.Debug|ARM64.Build.0 = Debug|Any CPU
		{5DA082DF-9B55-4A9D-A587-19998D3DA4AA}.Debug|x64.ActiveCfg = Debug|Any CPU
		{5DA082DF-9B55-4A9D-A587-19998D3DA4AA}.Debug|x64.Build.0 = Debug|Any CPU
		{5DA082DF-9B55-4A9D-A587-19998D3DA4AA}.Debug|x86.ActiveCfg = Debug|Any CPU
		{5DA082DF-9B55-4A9D-A587-19998D3DA4AA}.Debug|x86.Build.0 = Debug|Any CPU
		{5DA082DF-9B55-4A9D-A587-19998D3DA4AA}.Release|Any CPU.ActiveCfg = Release|Any CPU
		{5DA082DF-9B55-4A9D-A587-19998D3DA4AA}.Release|Any CPU.Build.0 = Release|Any CPU
		{5DA082DF-9B55-4A9D-A587-19998D3DA4AA}.Release|ARM.ActiveCfg = Release|Any CPU
		{5DA082DF-9B55-4A9D-A587-19998D3DA4AA}.Release|ARM.Build.0 = Release|Any CPU
		{5DA082DF-9B55-4A9D-A587-19998D3DA4AA}.Release|ARM64.ActiveCfg = Release|Any CPU
		{5DA082DF-9B55-4A9D-A587-19998D3DA4AA}.Release|ARM64.Build.0 = Release|Any CPU
		{5DA082DF-9B55-4A9D-A587-19998D3DA4AA}.Release|x64.ActiveCfg = Release|Any CPU
		{5DA082DF-9B55-4A9D-A587-19998D3DA4AA}.Release|x64.Build.0 = Release|Any CPU
		{5DA082DF-9B55-4A9D-A587-19998D3DA4AA}.Release|x86.ActiveCfg = Release|Any CPU
		{5DA082DF-9B55-4A9D-A587-19998D3DA4AA}.Release|x86.Build.0 = Release|Any CPU
		{AB00D7B2-444D-446A-B76A-968778A78736}.Debug|Any CPU.ActiveCfg = Debug|Any CPU
		{AB00D7B2-444D-446A-B76A-968778A78736}.Debug|Any CPU.Build.0 = Debug|Any CPU
		{AB00D7B2-444D-446A-B76A-968778A78736}.Debug|ARM.ActiveCfg = Debug|Any CPU
		{AB00D7B2-444D-446A-B76A-968778A78736}.Debug|ARM.Build.0 = Debug|Any CPU
		{AB00D7B2-444D-446A-B76A-968778A78736}.Debug|ARM64.ActiveCfg = Debug|Any CPU
		{AB00D7B2-444D-446A-B76A-968778A78736}.Debug|ARM64.Build.0 = Debug|Any CPU
		{AB00D7B2-444D-446A-B76A-968778A78736}.Debug|x64.ActiveCfg = Debug|Any CPU
		{AB00D7B2-444D-446A-B76A-968778A78736}.Debug|x64.Build.0 = Debug|Any CPU
		{AB00D7B2-444D-446A-B76A-968778A78736}.Debug|x86.ActiveCfg = Debug|Any CPU
		{AB00D7B2-444D-446A-B76A-968778A78736}.Debug|x86.Build.0 = Debug|Any CPU
		{AB00D7B2-444D-446A-B76A-968778A78736}.Release|Any CPU.ActiveCfg = Release|Any CPU
		{AB00D7B2-444D-446A-B76A-968778A78736}.Release|Any CPU.Build.0 = Release|Any CPU
		{AB00D7B2-444D-446A-B76A-968778A78736}.Release|ARM.ActiveCfg = Release|Any CPU
		{AB00D7B2-444D-446A-B76A-968778A78736}.Release|ARM.Build.0 = Release|Any CPU
		{AB00D7B2-444D-446A-B76A-968778A78736}.Release|ARM64.ActiveCfg = Release|Any CPU
		{AB00D7B2-444D-446A-B76A-968778A78736}.Release|ARM64.Build.0 = Release|Any CPU
		{AB00D7B2-444D-446A-B76A-968778A78736}.Release|x64.ActiveCfg = Release|Any CPU
		{AB00D7B2-444D-446A-B76A-968778A78736}.Release|x64.Build.0 = Release|Any CPU
		{AB00D7B2-444D-446A-B76A-968778A78736}.Release|x86.ActiveCfg = Release|Any CPU
		{AB00D7B2-444D-446A-B76A-968778A78736}.Release|x86.Build.0 = Release|Any CPU
		{038C5CC1-F2A6-4B17-B90C-CDBD3E9D48E0}.Debug|Any CPU.ActiveCfg = Debug|Any CPU
		{038C5CC1-F2A6-4B17-B90C-CDBD3E9D48E0}.Debug|Any CPU.Build.0 = Debug|Any CPU
		{038C5CC1-F2A6-4B17-B90C-CDBD3E9D48E0}.Debug|ARM.ActiveCfg = Debug|Any CPU
		{038C5CC1-F2A6-4B17-B90C-CDBD3E9D48E0}.Debug|ARM.Build.0 = Debug|Any CPU
		{038C5CC1-F2A6-4B17-B90C-CDBD3E9D48E0}.Debug|ARM64.ActiveCfg = Debug|Any CPU
		{038C5CC1-F2A6-4B17-B90C-CDBD3E9D48E0}.Debug|ARM64.Build.0 = Debug|Any CPU
		{038C5CC1-F2A6-4B17-B90C-CDBD3E9D48E0}.Debug|x64.ActiveCfg = Debug|Any CPU
		{038C5CC1-F2A6-4B17-B90C-CDBD3E9D48E0}.Debug|x64.Build.0 = Debug|Any CPU
		{038C5CC1-F2A6-4B17-B90C-CDBD3E9D48E0}.Debug|x86.ActiveCfg = Debug|Any CPU
		{038C5CC1-F2A6-4B17-B90C-CDBD3E9D48E0}.Debug|x86.Build.0 = Debug|Any CPU
		{038C5CC1-F2A6-4B17-B90C-CDBD3E9D48E0}.Release|Any CPU.ActiveCfg = Release|Any CPU
		{038C5CC1-F2A6-4B17-B90C-CDBD3E9D48E0}.Release|Any CPU.Build.0 = Release|Any CPU
		{038C5CC1-F2A6-4B17-B90C-CDBD3E9D48E0}.Release|ARM.ActiveCfg = Release|Any CPU
		{038C5CC1-F2A6-4B17-B90C-CDBD3E9D48E0}.Release|ARM.Build.0 = Release|Any CPU
		{038C5CC1-F2A6-4B17-B90C-CDBD3E9D48E0}.Release|ARM64.ActiveCfg = Release|Any CPU
		{038C5CC1-F2A6-4B17-B90C-CDBD3E9D48E0}.Release|ARM64.Build.0 = Release|Any CPU
		{038C5CC1-F2A6-4B17-B90C-CDBD3E9D48E0}.Release|x64.ActiveCfg = Release|Any CPU
		{038C5CC1-F2A6-4B17-B90C-CDBD3E9D48E0}.Release|x64.Build.0 = Release|Any CPU
		{038C5CC1-F2A6-4B17-B90C-CDBD3E9D48E0}.Release|x86.ActiveCfg = Release|Any CPU
		{038C5CC1-F2A6-4B17-B90C-CDBD3E9D48E0}.Release|x86.Build.0 = Release|Any CPU
		{E13F7B48-AA98-490C-94F6-ECD351BACE1D}.Debug|Any CPU.ActiveCfg = Debug|Any CPU
		{E13F7B48-AA98-490C-94F6-ECD351BACE1D}.Debug|Any CPU.Build.0 = Debug|Any CPU
		{E13F7B48-AA98-490C-94F6-ECD351BACE1D}.Debug|ARM.ActiveCfg = Debug|Any CPU
		{E13F7B48-AA98-490C-94F6-ECD351BACE1D}.Debug|ARM.Build.0 = Debug|Any CPU
		{E13F7B48-AA98-490C-94F6-ECD351BACE1D}.Debug|ARM64.ActiveCfg = Debug|Any CPU
		{E13F7B48-AA98-490C-94F6-ECD351BACE1D}.Debug|ARM64.Build.0 = Debug|Any CPU
		{E13F7B48-AA98-490C-94F6-ECD351BACE1D}.Debug|x64.ActiveCfg = Debug|Any CPU
		{E13F7B48-AA98-490C-94F6-ECD351BACE1D}.Debug|x64.Build.0 = Debug|Any CPU
		{E13F7B48-AA98-490C-94F6-ECD351BACE1D}.Debug|x86.ActiveCfg = Debug|Any CPU
		{E13F7B48-AA98-490C-94F6-ECD351BACE1D}.Debug|x86.Build.0 = Debug|Any CPU
		{E13F7B48-AA98-490C-94F6-ECD351BACE1D}.Release|Any CPU.ActiveCfg = Release|Any CPU
		{E13F7B48-AA98-490C-94F6-ECD351BACE1D}.Release|Any CPU.Build.0 = Release|Any CPU
		{E13F7B48-AA98-490C-94F6-ECD351BACE1D}.Release|ARM.ActiveCfg = Release|Any CPU
		{E13F7B48-AA98-490C-94F6-ECD351BACE1D}.Release|ARM.Build.0 = Release|Any CPU
		{E13F7B48-AA98-490C-94F6-ECD351BACE1D}.Release|ARM64.ActiveCfg = Release|Any CPU
		{E13F7B48-AA98-490C-94F6-ECD351BACE1D}.Release|ARM64.Build.0 = Release|Any CPU
		{E13F7B48-AA98-490C-94F6-ECD351BACE1D}.Release|x64.ActiveCfg = Release|Any CPU
		{E13F7B48-AA98-490C-94F6-ECD351BACE1D}.Release|x64.Build.0 = Release|Any CPU
		{E13F7B48-AA98-490C-94F6-ECD351BACE1D}.Release|x86.ActiveCfg = Release|Any CPU
		{E13F7B48-AA98-490C-94F6-ECD351BACE1D}.Release|x86.Build.0 = Release|Any CPU
		{EAB8DEDF-2718-4E31-A141-F701A6CD0C54}.Debug|Any CPU.ActiveCfg = Debug|Any CPU
		{EAB8DEDF-2718-4E31-A141-F701A6CD0C54}.Debug|Any CPU.Build.0 = Debug|Any CPU
		{EAB8DEDF-2718-4E31-A141-F701A6CD0C54}.Debug|ARM.ActiveCfg = Debug|Any CPU
		{EAB8DEDF-2718-4E31-A141-F701A6CD0C54}.Debug|ARM.Build.0 = Debug|Any CPU
		{EAB8DEDF-2718-4E31-A141-F701A6CD0C54}.Debug|ARM64.ActiveCfg = Debug|Any CPU
		{EAB8DEDF-2718-4E31-A141-F701A6CD0C54}.Debug|ARM64.Build.0 = Debug|Any CPU
		{EAB8DEDF-2718-4E31-A141-F701A6CD0C54}.Debug|x64.ActiveCfg = Debug|Any CPU
		{EAB8DEDF-2718-4E31-A141-F701A6CD0C54}.Debug|x64.Build.0 = Debug|Any CPU
		{EAB8DEDF-2718-4E31-A141-F701A6CD0C54}.Debug|x86.ActiveCfg = Debug|Any CPU
		{EAB8DEDF-2718-4E31-A141-F701A6CD0C54}.Debug|x86.Build.0 = Debug|Any CPU
		{EAB8DEDF-2718-4E31-A141-F701A6CD0C54}.Release|Any CPU.ActiveCfg = Release|Any CPU
		{EAB8DEDF-2718-4E31-A141-F701A6CD0C54}.Release|Any CPU.Build.0 = Release|Any CPU
		{EAB8DEDF-2718-4E31-A141-F701A6CD0C54}.Release|ARM.ActiveCfg = Release|Any CPU
		{EAB8DEDF-2718-4E31-A141-F701A6CD0C54}.Release|ARM.Build.0 = Release|Any CPU
		{EAB8DEDF-2718-4E31-A141-F701A6CD0C54}.Release|ARM64.ActiveCfg = Release|Any CPU
		{EAB8DEDF-2718-4E31-A141-F701A6CD0C54}.Release|ARM64.Build.0 = Release|Any CPU
		{EAB8DEDF-2718-4E31-A141-F701A6CD0C54}.Release|x64.ActiveCfg = Release|Any CPU
		{EAB8DEDF-2718-4E31-A141-F701A6CD0C54}.Release|x64.Build.0 = Release|Any CPU
		{EAB8DEDF-2718-4E31-A141-F701A6CD0C54}.Release|x86.ActiveCfg = Release|Any CPU
		{EAB8DEDF-2718-4E31-A141-F701A6CD0C54}.Release|x86.Build.0 = Release|Any CPU
		{E6C0116B-8325-4BC4-B84D-4C6800B17090}.Debug|Any CPU.ActiveCfg = Debug
		{E6C0116B-8325-4BC4-B84D-4C6800B17090}.Debug|ARM.ActiveCfg = Debug
		{E6C0116B-8325-4BC4-B84D-4C6800B17090}.Debug|ARM64.ActiveCfg = Debug
		{E6C0116B-8325-4BC4-B84D-4C6800B17090}.Debug|ARM64.Build.0 = Debug
		{E6C0116B-8325-4BC4-B84D-4C6800B17090}.Debug|x64.ActiveCfg = Debug
		{E6C0116B-8325-4BC4-B84D-4C6800B17090}.Debug|x86.ActiveCfg = Debug
		{E6C0116B-8325-4BC4-B84D-4C6800B17090}.Release|Any CPU.ActiveCfg = Release
		{E6C0116B-8325-4BC4-B84D-4C6800B17090}.Release|ARM.ActiveCfg = Release
		{E6C0116B-8325-4BC4-B84D-4C6800B17090}.Release|ARM64.ActiveCfg = Release
		{E6C0116B-8325-4BC4-B84D-4C6800B17090}.Release|ARM64.Build.0 = Release
		{E6C0116B-8325-4BC4-B84D-4C6800B17090}.Release|x64.ActiveCfg = Release
		{E6C0116B-8325-4BC4-B84D-4C6800B17090}.Release|x86.ActiveCfg = Release
		{62FE78A8-6C54-42C4-8DCA-5296100F14D3}.Debug|Any CPU.ActiveCfg = Debug|Any CPU
		{62FE78A8-6C54-42C4-8DCA-5296100F14D3}.Debug|Any CPU.Build.0 = Debug|Any CPU
		{62FE78A8-6C54-42C4-8DCA-5296100F14D3}.Debug|ARM.ActiveCfg = Debug|Any CPU
		{62FE78A8-6C54-42C4-8DCA-5296100F14D3}.Debug|ARM.Build.0 = Debug|Any CPU
		{62FE78A8-6C54-42C4-8DCA-5296100F14D3}.Debug|ARM64.ActiveCfg = Debug|Any CPU
		{62FE78A8-6C54-42C4-8DCA-5296100F14D3}.Debug|ARM64.Build.0 = Debug|Any CPU
		{62FE78A8-6C54-42C4-8DCA-5296100F14D3}.Debug|x64.ActiveCfg = Debug|Any CPU
		{62FE78A8-6C54-42C4-8DCA-5296100F14D3}.Debug|x64.Build.0 = Debug|Any CPU
		{62FE78A8-6C54-42C4-8DCA-5296100F14D3}.Debug|x86.ActiveCfg = Debug|Any CPU
		{62FE78A8-6C54-42C4-8DCA-5296100F14D3}.Debug|x86.Build.0 = Debug|Any CPU
		{62FE78A8-6C54-42C4-8DCA-5296100F14D3}.Release|Any CPU.ActiveCfg = Release|Any CPU
		{62FE78A8-6C54-42C4-8DCA-5296100F14D3}.Release|Any CPU.Build.0 = Release|Any CPU
		{62FE78A8-6C54-42C4-8DCA-5296100F14D3}.Release|ARM.ActiveCfg = Release|Any CPU
		{62FE78A8-6C54-42C4-8DCA-5296100F14D3}.Release|ARM.Build.0 = Release|Any CPU
		{62FE78A8-6C54-42C4-8DCA-5296100F14D3}.Release|ARM64.ActiveCfg = Release|Any CPU
		{62FE78A8-6C54-42C4-8DCA-5296100F14D3}.Release|ARM64.Build.0 = Release|Any CPU
		{62FE78A8-6C54-42C4-8DCA-5296100F14D3}.Release|x64.ActiveCfg = Release|Any CPU
		{62FE78A8-6C54-42C4-8DCA-5296100F14D3}.Release|x64.Build.0 = Release|Any CPU
		{62FE78A8-6C54-42C4-8DCA-5296100F14D3}.Release|x86.ActiveCfg = Release|Any CPU
		{62FE78A8-6C54-42C4-8DCA-5296100F14D3}.Release|x86.Build.0 = Release|Any CPU
		{645980F3-E076-412F-91DE-0D7856C7CD9F}.Debug|Any CPU.ActiveCfg = Debug|Win32
		{645980F3-E076-412F-91DE-0D7856C7CD9F}.Debug|ARM.ActiveCfg = Debug|Win32
		{645980F3-E076-412F-91DE-0D7856C7CD9F}.Debug|ARM64.ActiveCfg = Debug|Win32
		{645980F3-E076-412F-91DE-0D7856C7CD9F}.Debug|x64.ActiveCfg = Debug|x64
		{645980F3-E076-412F-91DE-0D7856C7CD9F}.Debug|x64.Build.0 = Debug|x64
		{645980F3-E076-412F-91DE-0D7856C7CD9F}.Debug|x86.ActiveCfg = Debug|Win32
		{645980F3-E076-412F-91DE-0D7856C7CD9F}.Debug|x86.Build.0 = Debug|Win32
		{645980F3-E076-412F-91DE-0D7856C7CD9F}.Release|Any CPU.ActiveCfg = Release|Win32
		{645980F3-E076-412F-91DE-0D7856C7CD9F}.Release|ARM.ActiveCfg = Release|Win32
		{645980F3-E076-412F-91DE-0D7856C7CD9F}.Release|ARM64.ActiveCfg = Release|Win32
		{645980F3-E076-412F-91DE-0D7856C7CD9F}.Release|x64.ActiveCfg = Release|x64
		{645980F3-E076-412F-91DE-0D7856C7CD9F}.Release|x64.Build.0 = Release|x64
		{645980F3-E076-412F-91DE-0D7856C7CD9F}.Release|x86.ActiveCfg = Release|Win32
		{645980F3-E076-412F-91DE-0D7856C7CD9F}.Release|x86.Build.0 = Release|Win32
		{9D166130-6FA3-4909-A834-1C3FBA44B30C}.Debug|Any CPU.ActiveCfg = Debug
		{9D166130-6FA3-4909-A834-1C3FBA44B30C}.Debug|ARM.ActiveCfg = Debug
		{9D166130-6FA3-4909-A834-1C3FBA44B30C}.Debug|ARM64.ActiveCfg = Debug
		{9D166130-6FA3-4909-A834-1C3FBA44B30C}.Debug|ARM64.Build.0 = Debug
		{9D166130-6FA3-4909-A834-1C3FBA44B30C}.Debug|x64.ActiveCfg = Debug
		{9D166130-6FA3-4909-A834-1C3FBA44B30C}.Debug|x86.ActiveCfg = Debug
		{9D166130-6FA3-4909-A834-1C3FBA44B30C}.Release|Any CPU.ActiveCfg = Release
		{9D166130-6FA3-4909-A834-1C3FBA44B30C}.Release|ARM.ActiveCfg = Release
		{9D166130-6FA3-4909-A834-1C3FBA44B30C}.Release|ARM64.ActiveCfg = Release
		{9D166130-6FA3-4909-A834-1C3FBA44B30C}.Release|ARM64.Build.0 = Release
		{9D166130-6FA3-4909-A834-1C3FBA44B30C}.Release|x64.ActiveCfg = Release
		{9D166130-6FA3-4909-A834-1C3FBA44B30C}.Release|x86.ActiveCfg = Release
		{DC39EF3B-76B5-4C15-86DB-DD27084C016E}.Debug|Any CPU.ActiveCfg = Debug|Any CPU
		{DC39EF3B-76B5-4C15-86DB-DD27084C016E}.Debug|Any CPU.Build.0 = Debug|Any CPU
		{DC39EF3B-76B5-4C15-86DB-DD27084C016E}.Debug|ARM.ActiveCfg = Debug|Any CPU
		{DC39EF3B-76B5-4C15-86DB-DD27084C016E}.Debug|ARM.Build.0 = Debug|Any CPU
		{DC39EF3B-76B5-4C15-86DB-DD27084C016E}.Debug|ARM64.ActiveCfg = Debug|Any CPU
		{DC39EF3B-76B5-4C15-86DB-DD27084C016E}.Debug|ARM64.Build.0 = Debug|Any CPU
		{DC39EF3B-76B5-4C15-86DB-DD27084C016E}.Debug|x64.ActiveCfg = Debug|Any CPU
		{DC39EF3B-76B5-4C15-86DB-DD27084C016E}.Debug|x64.Build.0 = Debug|Any CPU
		{DC39EF3B-76B5-4C15-86DB-DD27084C016E}.Debug|x86.ActiveCfg = Debug|Any CPU
		{DC39EF3B-76B5-4C15-86DB-DD27084C016E}.Debug|x86.Build.0 = Debug|Any CPU
		{DC39EF3B-76B5-4C15-86DB-DD27084C016E}.Release|Any CPU.ActiveCfg = Release|Any CPU
		{DC39EF3B-76B5-4C15-86DB-DD27084C016E}.Release|Any CPU.Build.0 = Release|Any CPU
		{DC39EF3B-76B5-4C15-86DB-DD27084C016E}.Release|ARM.ActiveCfg = Release|Any CPU
		{DC39EF3B-76B5-4C15-86DB-DD27084C016E}.Release|ARM.Build.0 = Release|Any CPU
		{DC39EF3B-76B5-4C15-86DB-DD27084C016E}.Release|ARM64.ActiveCfg = Release|Any CPU
		{DC39EF3B-76B5-4C15-86DB-DD27084C016E}.Release|ARM64.Build.0 = Release|Any CPU
		{DC39EF3B-76B5-4C15-86DB-DD27084C016E}.Release|x64.ActiveCfg = Release|Any CPU
		{DC39EF3B-76B5-4C15-86DB-DD27084C016E}.Release|x64.Build.0 = Release|Any CPU
		{DC39EF3B-76B5-4C15-86DB-DD27084C016E}.Release|x86.ActiveCfg = Release|Any CPU
		{DC39EF3B-76B5-4C15-86DB-DD27084C016E}.Release|x86.Build.0 = Release|Any CPU
		{6F037407-CA57-4AC4-A776-125AD02C3BD9}.Debug|Any CPU.ActiveCfg = Debug|Any CPU
		{6F037407-CA57-4AC4-A776-125AD02C3BD9}.Debug|Any CPU.Build.0 = Debug|Any CPU
		{6F037407-CA57-4AC4-A776-125AD02C3BD9}.Debug|ARM.ActiveCfg = Debug|Any CPU
		{6F037407-CA57-4AC4-A776-125AD02C3BD9}.Debug|ARM.Build.0 = Debug|Any CPU
		{6F037407-CA57-4AC4-A776-125AD02C3BD9}.Debug|ARM64.ActiveCfg = Debug|Any CPU
		{6F037407-CA57-4AC4-A776-125AD02C3BD9}.Debug|ARM64.Build.0 = Debug|Any CPU
		{6F037407-CA57-4AC4-A776-125AD02C3BD9}.Debug|x64.ActiveCfg = Debug|Any CPU
		{6F037407-CA57-4AC4-A776-125AD02C3BD9}.Debug|x64.Build.0 = Debug|Any CPU
		{6F037407-CA57-4AC4-A776-125AD02C3BD9}.Debug|x86.ActiveCfg = Debug|Any CPU
		{6F037407-CA57-4AC4-A776-125AD02C3BD9}.Debug|x86.Build.0 = Debug|Any CPU
		{6F037407-CA57-4AC4-A776-125AD02C3BD9}.Release|Any CPU.ActiveCfg = Release|Any CPU
		{6F037407-CA57-4AC4-A776-125AD02C3BD9}.Release|Any CPU.Build.0 = Release|Any CPU
		{6F037407-CA57-4AC4-A776-125AD02C3BD9}.Release|ARM.ActiveCfg = Release|Any CPU
		{6F037407-CA57-4AC4-A776-125AD02C3BD9}.Release|ARM.Build.0 = Release|Any CPU
		{6F037407-CA57-4AC4-A776-125AD02C3BD9}.Release|ARM64.ActiveCfg = Release|Any CPU
		{6F037407-CA57-4AC4-A776-125AD02C3BD9}.Release|ARM64.Build.0 = Release|Any CPU
		{6F037407-CA57-4AC4-A776-125AD02C3BD9}.Release|x64.ActiveCfg = Release|Any CPU
		{6F037407-CA57-4AC4-A776-125AD02C3BD9}.Release|x64.Build.0 = Release|Any CPU
		{6F037407-CA57-4AC4-A776-125AD02C3BD9}.Release|x86.ActiveCfg = Release|Any CPU
		{6F037407-CA57-4AC4-A776-125AD02C3BD9}.Release|x86.Build.0 = Release|Any CPU
		{17331345-9526-4F64-893B-5F732463C22F}.Debug|Any CPU.ActiveCfg = Debug|Any CPU
		{17331345-9526-4F64-893B-5F732463C22F}.Debug|Any CPU.Build.0 = Debug|Any CPU
		{17331345-9526-4F64-893B-5F732463C22F}.Debug|ARM.ActiveCfg = Debug|Any CPU
		{17331345-9526-4F64-893B-5F732463C22F}.Debug|ARM.Build.0 = Debug|Any CPU
		{17331345-9526-4F64-893B-5F732463C22F}.Debug|ARM64.ActiveCfg = Debug|Any CPU
		{17331345-9526-4F64-893B-5F732463C22F}.Debug|ARM64.Build.0 = Debug|Any CPU
		{17331345-9526-4F64-893B-5F732463C22F}.Debug|x64.ActiveCfg = Debug|Any CPU
		{17331345-9526-4F64-893B-5F732463C22F}.Debug|x64.Build.0 = Debug|Any CPU
		{17331345-9526-4F64-893B-5F732463C22F}.Debug|x86.ActiveCfg = Debug|Any CPU
		{17331345-9526-4F64-893B-5F732463C22F}.Debug|x86.Build.0 = Debug|Any CPU
		{17331345-9526-4F64-893B-5F732463C22F}.Release|Any CPU.ActiveCfg = Release|Any CPU
		{17331345-9526-4F64-893B-5F732463C22F}.Release|Any CPU.Build.0 = Release|Any CPU
		{17331345-9526-4F64-893B-5F732463C22F}.Release|ARM.ActiveCfg = Release|Any CPU
		{17331345-9526-4F64-893B-5F732463C22F}.Release|ARM.Build.0 = Release|Any CPU
		{17331345-9526-4F64-893B-5F732463C22F}.Release|ARM64.ActiveCfg = Release|Any CPU
		{17331345-9526-4F64-893B-5F732463C22F}.Release|ARM64.Build.0 = Release|Any CPU
		{17331345-9526-4F64-893B-5F732463C22F}.Release|x64.ActiveCfg = Release|Any CPU
		{17331345-9526-4F64-893B-5F732463C22F}.Release|x64.Build.0 = Release|Any CPU
		{17331345-9526-4F64-893B-5F732463C22F}.Release|x86.ActiveCfg = Release|Any CPU
		{17331345-9526-4F64-893B-5F732463C22F}.Release|x86.Build.0 = Release|Any CPU
	EndGlobalSection
	GlobalSection(SolutionProperties) = preSolution
		HideSolutionNode = FALSE
	EndGlobalSection
	GlobalSection(ExtensibilityGlobals) = postSolution
		SolutionGuid = {4279E980-DCE9-4DC0-9D33-5463E6C5EAA9}
	EndGlobalSection
EndGlobal
