
Microsoft Visual Studio Solution File, Format Version 12.00
# Visual Studio 15
VisualStudioVersion = 15.0.28010.2046
MinimumVisualStudioVersion = 10.0.40219.1
Project("{9A19103F-16F7-4668-BE54-9A1E7A4F7556}") = "DotNETCore_LibraryDemo", "DotNETCoreLibraryDemo\DotNETCore_LibraryDemo.csproj", "{5B2A959B-A984-40E9-8B76-FC920F8430B9}"
EndProject
Project("{9A19103F-16F7-4668-BE54-9A1E7A4F7556}") = "DotNETCore_ConsoleAppDemo", "DotNETConsoleAppDemo\DotNETCore_ConsoleAppDemo.csproj", "{DDACBB32-0362-4628-8D4B-EB41C99EB2DD}"
EndProject
Project("{9A19103F-16F7-4668-BE54-9A1E7A4F7556}") = "ASPNETCore_WebAppDemo", "ASPNETCore_WebAppDemo\ASPNETCore_WebAppDemo.csproj", "{B8C0DDC0-6233-41B9-862F-AFA40F938A07}"
EndProject
Project("{9A19103F-16F7-4668-BE54-9A1E7A4F7556}") = "ASPNETCore_APIDemo", "ASPNETCore_APIDemo\ASPNETCore_APIDemo.csproj", "{5E12D17B-C7F1-467B-AE3D-5FB3F08A284F}"
EndProject
Project("{9A19103F-16F7-4668-BE54-9A1E7A4F7556}") = "WS.Core", "WS.Core\WS.Core.csproj", "{A7B3D559-F321-4F20-84DD-7D144D32C556}"
EndProject
Project("{9A19103F-16F7-4668-BE54-9A1E7A4F7556}") = "WS.Music", "WS.Music\WS.Music.csproj", "{B0BBA8E2-DE7A-4987-976E-27755CDB94E7}"
EndProject
Project("{9A19103F-16F7-4668-BE54-9A1E7A4F7556}") = "WS.Todo", "WS.Todo\WS.Todo.csproj", "{A7486E17-BB0E-46E2-A3ED-A9AF222715E6}"
EndProject
Project("{9A19103F-16F7-4668-BE54-9A1E7A4F7556}") = "WS.Blog", "WS.Blog\WS.Blog.csproj", "{40ACC190-E156-455B-B1F4-280FFA31B88C}"
EndProject
Project("{9A19103F-16F7-4668-BE54-9A1E7A4F7556}") = "WS.WWW", "WS.WWW\WS.WWW.csproj", "{92B28A94-74E5-44D0-A2CC-9F7F6A7A3EEE}"
EndProject
Project("{FAE04EC0-301F-11D3-BF4B-00C04F79EFBC}") = "WS.FileDemo", "WS.FileDemo\WS.FileDemo.csproj", "{1B916A0D-BA01-4314-86D0-A039BA7A5977}"
EndProject
Global
	GlobalSection(SolutionConfigurationPlatforms) = preSolution
		Debug|Any CPU = Debug|Any CPU
		Debug|ARM = Debug|ARM
		Debug|x64 = Debug|x64
		Debug|x86 = Debug|x86
		Release|Any CPU = Release|Any CPU
		Release|ARM = Release|ARM
		Release|x64 = Release|x64
		Release|x86 = Release|x86
	EndGlobalSection
	GlobalSection(ProjectConfigurationPlatforms) = postSolution
		{5B2A959B-A984-40E9-8B76-FC920F8430B9}.Debug|Any CPU.ActiveCfg = Debug|Any CPU
		{5B2A959B-A984-40E9-8B76-FC920F8430B9}.Debug|Any CPU.Build.0 = Debug|Any CPU
		{5B2A959B-A984-40E9-8B76-FC920F8430B9}.Debug|ARM.ActiveCfg = Debug|Any CPU
		{5B2A959B-A984-40E9-8B76-FC920F8430B9}.Debug|ARM.Build.0 = Debug|Any CPU
		{5B2A959B-A984-40E9-8B76-FC920F8430B9}.Debug|x64.ActiveCfg = Debug|Any CPU
		{5B2A959B-A984-40E9-8B76-FC920F8430B9}.Debug|x64.Build.0 = Debug|Any CPU
		{5B2A959B-A984-40E9-8B76-FC920F8430B9}.Debug|x86.ActiveCfg = Debug|Any CPU
		{5B2A959B-A984-40E9-8B76-FC920F8430B9}.Debug|x86.Build.0 = Debug|Any CPU
		{5B2A959B-A984-40E9-8B76-FC920F8430B9}.Release|Any CPU.ActiveCfg = Release|Any CPU
		{5B2A959B-A984-40E9-8B76-FC920F8430B9}.Release|Any CPU.Build.0 = Release|Any CPU
		{5B2A959B-A984-40E9-8B76-FC920F8430B9}.Release|ARM.ActiveCfg = Release|Any CPU
		{5B2A959B-A984-40E9-8B76-FC920F8430B9}.Release|ARM.Build.0 = Release|Any CPU
		{5B2A959B-A984-40E9-8B76-FC920F8430B9}.Release|x64.ActiveCfg = Release|Any CPU
		{5B2A959B-A984-40E9-8B76-FC920F8430B9}.Release|x64.Build.0 = Release|Any CPU
		{5B2A959B-A984-40E9-8B76-FC920F8430B9}.Release|x86.ActiveCfg = Release|Any CPU
		{5B2A959B-A984-40E9-8B76-FC920F8430B9}.Release|x86.Build.0 = Release|Any CPU
		{DDACBB32-0362-4628-8D4B-EB41C99EB2DD}.Debug|Any CPU.ActiveCfg = Debug|Any CPU
		{DDACBB32-0362-4628-8D4B-EB41C99EB2DD}.Debug|Any CPU.Build.0 = Debug|Any CPU
		{DDACBB32-0362-4628-8D4B-EB41C99EB2DD}.Debug|ARM.ActiveCfg = Debug|Any CPU
		{DDACBB32-0362-4628-8D4B-EB41C99EB2DD}.Debug|ARM.Build.0 = Debug|Any CPU
		{DDACBB32-0362-4628-8D4B-EB41C99EB2DD}.Debug|x64.ActiveCfg = Debug|Any CPU
		{DDACBB32-0362-4628-8D4B-EB41C99EB2DD}.Debug|x64.Build.0 = Debug|Any CPU
		{DDACBB32-0362-4628-8D4B-EB41C99EB2DD}.Debug|x86.ActiveCfg = Debug|Any CPU
		{DDACBB32-0362-4628-8D4B-EB41C99EB2DD}.Debug|x86.Build.0 = Debug|Any CPU
		{DDACBB32-0362-4628-8D4B-EB41C99EB2DD}.Release|Any CPU.ActiveCfg = Release|Any CPU
		{DDACBB32-0362-4628-8D4B-EB41C99EB2DD}.Release|Any CPU.Build.0 = Release|Any CPU
		{DDACBB32-0362-4628-8D4B-EB41C99EB2DD}.Release|ARM.ActiveCfg = Release|Any CPU
		{DDACBB32-0362-4628-8D4B-EB41C99EB2DD}.Release|ARM.Build.0 = Release|Any CPU
		{DDACBB32-0362-4628-8D4B-EB41C99EB2DD}.Release|x64.ActiveCfg = Release|Any CPU
		{DDACBB32-0362-4628-8D4B-EB41C99EB2DD}.Release|x64.Build.0 = Release|Any CPU
		{DDACBB32-0362-4628-8D4B-EB41C99EB2DD}.Release|x86.ActiveCfg = Release|Any CPU
		{DDACBB32-0362-4628-8D4B-EB41C99EB2DD}.Release|x86.Build.0 = Release|Any CPU
		{B8C0DDC0-6233-41B9-862F-AFA40F938A07}.Debug|Any CPU.ActiveCfg = Debug|Any CPU
		{B8C0DDC0-6233-41B9-862F-AFA40F938A07}.Debug|Any CPU.Build.0 = Debug|Any CPU
		{B8C0DDC0-6233-41B9-862F-AFA40F938A07}.Debug|ARM.ActiveCfg = Debug|Any CPU
		{B8C0DDC0-6233-41B9-862F-AFA40F938A07}.Debug|ARM.Build.0 = Debug|Any CPU
		{B8C0DDC0-6233-41B9-862F-AFA40F938A07}.Debug|x64.ActiveCfg = Debug|Any CPU
		{B8C0DDC0-6233-41B9-862F-AFA40F938A07}.Debug|x64.Build.0 = Debug|Any CPU
		{B8C0DDC0-6233-41B9-862F-AFA40F938A07}.Debug|x86.ActiveCfg = Debug|Any CPU
		{B8C0DDC0-6233-41B9-862F-AFA40F938A07}.Debug|x86.Build.0 = Debug|Any CPU
		{B8C0DDC0-6233-41B9-862F-AFA40F938A07}.Release|Any CPU.ActiveCfg = Release|Any CPU
		{B8C0DDC0-6233-41B9-862F-AFA40F938A07}.Release|Any CPU.Build.0 = Release|Any CPU
		{B8C0DDC0-6233-41B9-862F-AFA40F938A07}.Release|ARM.ActiveCfg = Release|Any CPU
		{B8C0DDC0-6233-41B9-862F-AFA40F938A07}.Release|ARM.Build.0 = Release|Any CPU
		{B8C0DDC0-6233-41B9-862F-AFA40F938A07}.Release|x64.ActiveCfg = Release|Any CPU
		{B8C0DDC0-6233-41B9-862F-AFA40F938A07}.Release|x64.Build.0 = Release|Any CPU
		{B8C0DDC0-6233-41B9-862F-AFA40F938A07}.Release|x86.ActiveCfg = Release|Any CPU
		{B8C0DDC0-6233-41B9-862F-AFA40F938A07}.Release|x86.Build.0 = Release|Any CPU
		{5E12D17B-C7F1-467B-AE3D-5FB3F08A284F}.Debug|Any CPU.ActiveCfg = Debug|Any CPU
		{5E12D17B-C7F1-467B-AE3D-5FB3F08A284F}.Debug|Any CPU.Build.0 = Debug|Any CPU
		{5E12D17B-C7F1-467B-AE3D-5FB3F08A284F}.Debug|ARM.ActiveCfg = Debug|Any CPU
		{5E12D17B-C7F1-467B-AE3D-5FB3F08A284F}.Debug|ARM.Build.0 = Debug|Any CPU
		{5E12D17B-C7F1-467B-AE3D-5FB3F08A284F}.Debug|x64.ActiveCfg = Debug|Any CPU
		{5E12D17B-C7F1-467B-AE3D-5FB3F08A284F}.Debug|x64.Build.0 = Debug|Any CPU
		{5E12D17B-C7F1-467B-AE3D-5FB3F08A284F}.Debug|x86.ActiveCfg = Debug|Any CPU
		{5E12D17B-C7F1-467B-AE3D-5FB3F08A284F}.Debug|x86.Build.0 = Debug|Any CPU
		{5E12D17B-C7F1-467B-AE3D-5FB3F08A284F}.Release|Any CPU.ActiveCfg = Release|Any CPU
		{5E12D17B-C7F1-467B-AE3D-5FB3F08A284F}.Release|Any CPU.Build.0 = Release|Any CPU
		{5E12D17B-C7F1-467B-AE3D-5FB3F08A284F}.Release|ARM.ActiveCfg = Release|Any CPU
		{5E12D17B-C7F1-467B-AE3D-5FB3F08A284F}.Release|ARM.Build.0 = Release|Any CPU
		{5E12D17B-C7F1-467B-AE3D-5FB3F08A284F}.Release|x64.ActiveCfg = Release|Any CPU
		{5E12D17B-C7F1-467B-AE3D-5FB3F08A284F}.Release|x64.Build.0 = Release|Any CPU
		{5E12D17B-C7F1-467B-AE3D-5FB3F08A284F}.Release|x86.ActiveCfg = Release|Any CPU
		{5E12D17B-C7F1-467B-AE3D-5FB3F08A284F}.Release|x86.Build.0 = Release|Any CPU
		{A7B3D559-F321-4F20-84DD-7D144D32C556}.Debug|Any CPU.ActiveCfg = Debug|Any CPU
		{A7B3D559-F321-4F20-84DD-7D144D32C556}.Debug|Any CPU.Build.0 = Debug|Any CPU
		{A7B3D559-F321-4F20-84DD-7D144D32C556}.Debug|ARM.ActiveCfg = Debug|Any CPU
		{A7B3D559-F321-4F20-84DD-7D144D32C556}.Debug|ARM.Build.0 = Debug|Any CPU
		{A7B3D559-F321-4F20-84DD-7D144D32C556}.Debug|x64.ActiveCfg = Debug|Any CPU
		{A7B3D559-F321-4F20-84DD-7D144D32C556}.Debug|x64.Build.0 = Debug|Any CPU
		{A7B3D559-F321-4F20-84DD-7D144D32C556}.Debug|x86.ActiveCfg = Debug|Any CPU
		{A7B3D559-F321-4F20-84DD-7D144D32C556}.Debug|x86.Build.0 = Debug|Any CPU
		{A7B3D559-F321-4F20-84DD-7D144D32C556}.Release|Any CPU.ActiveCfg = Release|Any CPU
		{A7B3D559-F321-4F20-84DD-7D144D32C556}.Release|Any CPU.Build.0 = Release|Any CPU
		{A7B3D559-F321-4F20-84DD-7D144D32C556}.Release|ARM.ActiveCfg = Release|Any CPU
		{A7B3D559-F321-4F20-84DD-7D144D32C556}.Release|ARM.Build.0 = Release|Any CPU
		{A7B3D559-F321-4F20-84DD-7D144D32C556}.Release|x64.ActiveCfg = Release|Any CPU
		{A7B3D559-F321-4F20-84DD-7D144D32C556}.Release|x64.Build.0 = Release|Any CPU
		{A7B3D559-F321-4F20-84DD-7D144D32C556}.Release|x86.ActiveCfg = Release|Any CPU
		{A7B3D559-F321-4F20-84DD-7D144D32C556}.Release|x86.Build.0 = Release|Any CPU
		{B0BBA8E2-DE7A-4987-976E-27755CDB94E7}.Debug|Any CPU.ActiveCfg = Debug|Any CPU
		{B0BBA8E2-DE7A-4987-976E-27755CDB94E7}.Debug|Any CPU.Build.0 = Debug|Any CPU
		{B0BBA8E2-DE7A-4987-976E-27755CDB94E7}.Debug|ARM.ActiveCfg = Debug|Any CPU
		{B0BBA8E2-DE7A-4987-976E-27755CDB94E7}.Debug|ARM.Build.0 = Debug|Any CPU
		{B0BBA8E2-DE7A-4987-976E-27755CDB94E7}.Debug|x64.ActiveCfg = Debug|Any CPU
		{B0BBA8E2-DE7A-4987-976E-27755CDB94E7}.Debug|x64.Build.0 = Debug|Any CPU
		{B0BBA8E2-DE7A-4987-976E-27755CDB94E7}.Debug|x86.ActiveCfg = Debug|Any CPU
		{B0BBA8E2-DE7A-4987-976E-27755CDB94E7}.Debug|x86.Build.0 = Debug|Any CPU
		{B0BBA8E2-DE7A-4987-976E-27755CDB94E7}.Release|Any CPU.ActiveCfg = Release|Any CPU
		{B0BBA8E2-DE7A-4987-976E-27755CDB94E7}.Release|Any CPU.Build.0 = Release|Any CPU
		{B0BBA8E2-DE7A-4987-976E-27755CDB94E7}.Release|ARM.ActiveCfg = Release|Any CPU
		{B0BBA8E2-DE7A-4987-976E-27755CDB94E7}.Release|ARM.Build.0 = Release|Any CPU
		{B0BBA8E2-DE7A-4987-976E-27755CDB94E7}.Release|x64.ActiveCfg = Release|Any CPU
		{B0BBA8E2-DE7A-4987-976E-27755CDB94E7}.Release|x64.Build.0 = Release|Any CPU
		{B0BBA8E2-DE7A-4987-976E-27755CDB94E7}.Release|x86.ActiveCfg = Release|Any CPU
		{B0BBA8E2-DE7A-4987-976E-27755CDB94E7}.Release|x86.Build.0 = Release|Any CPU
		{A7486E17-BB0E-46E2-A3ED-A9AF222715E6}.Debug|Any CPU.ActiveCfg = Debug|Any CPU
		{A7486E17-BB0E-46E2-A3ED-A9AF222715E6}.Debug|Any CPU.Build.0 = Debug|Any CPU
		{A7486E17-BB0E-46E2-A3ED-A9AF222715E6}.Debug|ARM.ActiveCfg = Debug|Any CPU
		{A7486E17-BB0E-46E2-A3ED-A9AF222715E6}.Debug|ARM.Build.0 = Debug|Any CPU
		{A7486E17-BB0E-46E2-A3ED-A9AF222715E6}.Debug|x64.ActiveCfg = Debug|Any CPU
		{A7486E17-BB0E-46E2-A3ED-A9AF222715E6}.Debug|x64.Build.0 = Debug|Any CPU
		{A7486E17-BB0E-46E2-A3ED-A9AF222715E6}.Debug|x86.ActiveCfg = Debug|Any CPU
		{A7486E17-BB0E-46E2-A3ED-A9AF222715E6}.Debug|x86.Build.0 = Debug|Any CPU
		{A7486E17-BB0E-46E2-A3ED-A9AF222715E6}.Release|Any CPU.ActiveCfg = Release|Any CPU
		{A7486E17-BB0E-46E2-A3ED-A9AF222715E6}.Release|Any CPU.Build.0 = Release|Any CPU
		{A7486E17-BB0E-46E2-A3ED-A9AF222715E6}.Release|ARM.ActiveCfg = Release|Any CPU
		{A7486E17-BB0E-46E2-A3ED-A9AF222715E6}.Release|ARM.Build.0 = Release|Any CPU
		{A7486E17-BB0E-46E2-A3ED-A9AF222715E6}.Release|x64.ActiveCfg = Release|Any CPU
		{A7486E17-BB0E-46E2-A3ED-A9AF222715E6}.Release|x64.Build.0 = Release|Any CPU
		{A7486E17-BB0E-46E2-A3ED-A9AF222715E6}.Release|x86.ActiveCfg = Release|Any CPU
		{A7486E17-BB0E-46E2-A3ED-A9AF222715E6}.Release|x86.Build.0 = Release|Any CPU
		{40ACC190-E156-455B-B1F4-280FFA31B88C}.Debug|Any CPU.ActiveCfg = Debug|Any CPU
		{40ACC190-E156-455B-B1F4-280FFA31B88C}.Debug|Any CPU.Build.0 = Debug|Any CPU
		{40ACC190-E156-455B-B1F4-280FFA31B88C}.Debug|ARM.ActiveCfg = Debug|Any CPU
		{40ACC190-E156-455B-B1F4-280FFA31B88C}.Debug|ARM.Build.0 = Debug|Any CPU
		{40ACC190-E156-455B-B1F4-280FFA31B88C}.Debug|x64.ActiveCfg = Debug|Any CPU
		{40ACC190-E156-455B-B1F4-280FFA31B88C}.Debug|x64.Build.0 = Debug|Any CPU
		{40ACC190-E156-455B-B1F4-280FFA31B88C}.Debug|x86.ActiveCfg = Debug|Any CPU
		{40ACC190-E156-455B-B1F4-280FFA31B88C}.Debug|x86.Build.0 = Debug|Any CPU
		{40ACC190-E156-455B-B1F4-280FFA31B88C}.Release|Any CPU.ActiveCfg = Release|Any CPU
		{40ACC190-E156-455B-B1F4-280FFA31B88C}.Release|Any CPU.Build.0 = Release|Any CPU
		{40ACC190-E156-455B-B1F4-280FFA31B88C}.Release|ARM.ActiveCfg = Release|Any CPU
		{40ACC190-E156-455B-B1F4-280FFA31B88C}.Release|ARM.Build.0 = Release|Any CPU
		{40ACC190-E156-455B-B1F4-280FFA31B88C}.Release|x64.ActiveCfg = Release|Any CPU
		{40ACC190-E156-455B-B1F4-280FFA31B88C}.Release|x64.Build.0 = Release|Any CPU
		{40ACC190-E156-455B-B1F4-280FFA31B88C}.Release|x86.ActiveCfg = Release|Any CPU
		{40ACC190-E156-455B-B1F4-280FFA31B88C}.Release|x86.Build.0 = Release|Any CPU
		{92B28A94-74E5-44D0-A2CC-9F7F6A7A3EEE}.Debug|Any CPU.ActiveCfg = Debug|Any CPU
		{92B28A94-74E5-44D0-A2CC-9F7F6A7A3EEE}.Debug|Any CPU.Build.0 = Debug|Any CPU
		{92B28A94-74E5-44D0-A2CC-9F7F6A7A3EEE}.Debug|ARM.ActiveCfg = Debug|Any CPU
		{92B28A94-74E5-44D0-A2CC-9F7F6A7A3EEE}.Debug|ARM.Build.0 = Debug|Any CPU
		{92B28A94-74E5-44D0-A2CC-9F7F6A7A3EEE}.Debug|x64.ActiveCfg = Debug|Any CPU
		{92B28A94-74E5-44D0-A2CC-9F7F6A7A3EEE}.Debug|x64.Build.0 = Debug|Any CPU
		{92B28A94-74E5-44D0-A2CC-9F7F6A7A3EEE}.Debug|x86.ActiveCfg = Debug|Any CPU
		{92B28A94-74E5-44D0-A2CC-9F7F6A7A3EEE}.Debug|x86.Build.0 = Debug|Any CPU
		{92B28A94-74E5-44D0-A2CC-9F7F6A7A3EEE}.Release|Any CPU.ActiveCfg = Release|Any CPU
		{92B28A94-74E5-44D0-A2CC-9F7F6A7A3EEE}.Release|Any CPU.Build.0 = Release|Any CPU
		{92B28A94-74E5-44D0-A2CC-9F7F6A7A3EEE}.Release|ARM.ActiveCfg = Release|Any CPU
		{92B28A94-74E5-44D0-A2CC-9F7F6A7A3EEE}.Release|ARM.Build.0 = Release|Any CPU
		{92B28A94-74E5-44D0-A2CC-9F7F6A7A3EEE}.Release|x64.ActiveCfg = Release|Any CPU
		{92B28A94-74E5-44D0-A2CC-9F7F6A7A3EEE}.Release|x64.Build.0 = Release|Any CPU
		{92B28A94-74E5-44D0-A2CC-9F7F6A7A3EEE}.Release|x86.ActiveCfg = Release|Any CPU
		{92B28A94-74E5-44D0-A2CC-9F7F6A7A3EEE}.Release|x86.Build.0 = Release|Any CPU
		{1B916A0D-BA01-4314-86D0-A039BA7A5977}.Debug|Any CPU.ActiveCfg = Debug|Any CPU
		{1B916A0D-BA01-4314-86D0-A039BA7A5977}.Debug|Any CPU.Build.0 = Debug|Any CPU
		{1B916A0D-BA01-4314-86D0-A039BA7A5977}.Debug|ARM.ActiveCfg = Debug|Any CPU
		{1B916A0D-BA01-4314-86D0-A039BA7A5977}.Debug|ARM.Build.0 = Debug|Any CPU
		{1B916A0D-BA01-4314-86D0-A039BA7A5977}.Debug|x64.ActiveCfg = Debug|Any CPU
		{1B916A0D-BA01-4314-86D0-A039BA7A5977}.Debug|x64.Build.0 = Debug|Any CPU
		{1B916A0D-BA01-4314-86D0-A039BA7A5977}.Debug|x86.ActiveCfg = Debug|Any CPU
		{1B916A0D-BA01-4314-86D0-A039BA7A5977}.Debug|x86.Build.0 = Debug|Any CPU
		{1B916A0D-BA01-4314-86D0-A039BA7A5977}.Release|Any CPU.ActiveCfg = Release|Any CPU
		{1B916A0D-BA01-4314-86D0-A039BA7A5977}.Release|Any CPU.Build.0 = Release|Any CPU
		{1B916A0D-BA01-4314-86D0-A039BA7A5977}.Release|ARM.ActiveCfg = Release|Any CPU
		{1B916A0D-BA01-4314-86D0-A039BA7A5977}.Release|ARM.Build.0 = Release|Any CPU
		{1B916A0D-BA01-4314-86D0-A039BA7A5977}.Release|x64.ActiveCfg = Release|Any CPU
		{1B916A0D-BA01-4314-86D0-A039BA7A5977}.Release|x64.Build.0 = Release|Any CPU
		{1B916A0D-BA01-4314-86D0-A039BA7A5977}.Release|x86.ActiveCfg = Release|Any CPU
		{1B916A0D-BA01-4314-86D0-A039BA7A5977}.Release|x86.Build.0 = Release|Any CPU
	EndGlobalSection
	GlobalSection(SolutionProperties) = preSolution
		HideSolutionNode = FALSE
	EndGlobalSection
	GlobalSection(ExtensibilityGlobals) = postSolution
		SolutionGuid = {4279E980-DCE9-4DC0-9D33-5463E6C5EAA9}
	EndGlobalSection
EndGlobal
